// !$*UTF8*$!
{
	archiveVersion = 1;
	classes = {
	};
	objectVersion = 56;
	objects = {

/* Begin PBXBuildFile section */
		1A0EC3E02D24A42C0098AD26 /* GoogleService-Info.plist in Resources */ = {isa = PBXBuildFile; fileRef = 1A0EC3DF2D24A42C0098AD26 /* GoogleService-Info.plist */; };
		1A0EC3E82D251FE00098AD26 /* AccountInformation.swift in Sources */ = {isa = PBXBuildFile; fileRef = 1A0EC3E72D251FE00098AD26 /* AccountInformation.swift */; };
		1A0EC3EB2D2522F20098AD26 /* SignOutButton.swift in Sources */ = {isa = PBXBuildFile; fileRef = 1A0EC3EA2D2522F20098AD26 /* SignOutButton.swift */; };
		1A0EC3ED2D2523340098AD26 /* DeleteAccountButton.swift in Sources */ = {isa = PBXBuildFile; fileRef = 1A0EC3EC2D2523340098AD26 /* DeleteAccountButton.swift */; };
		1A0EC3EF2D25CF9E0098AD26 /* UserController.swift in Sources */ = {isa = PBXBuildFile; fileRef = 1A0EC3EE2D25CF9E0098AD26 /* UserController.swift */; };
		1A21B9822D30745400A492D0 /* YouTubePlayerKit in Frameworks */ = {isa = PBXBuildFile; productRef = 1A21B9812D30745400A492D0 /* YouTubePlayerKit */; };
		1A21B98F2D34534C00A492D0 /* Collection.swift in Sources */ = {isa = PBXBuildFile; fileRef = 1A21B98E2D34534C00A492D0 /* Collection.swift */; };
		1A21B9962D345EAA00A492D0 /* Trending.swift in Sources */ = {isa = PBXBuildFile; fileRef = 1A21B9952D345EAA00A492D0 /* Trending.swift */; };
		1A21B9982D345FA200A492D0 /* ComputerScience.swift in Sources */ = {isa = PBXBuildFile; fileRef = 1A21B9972D345FA200A492D0 /* ComputerScience.swift */; };
		1A42A7522D3C417800C1CFB8 /* ResourceController.swift in Sources */ = {isa = PBXBuildFile; fileRef = 1A42A7512D3C417800C1CFB8 /* ResourceController.swift */; };
		1A42A7542D3C88AB00C1CFB8 /* CourseHistory.swift in Sources */ = {isa = PBXBuildFile; fileRef = 1A42A7532D3C88AB00C1CFB8 /* CourseHistory.swift */; };
		1A42A7562D3C88E800C1CFB8 /* FollowedChannels.swift in Sources */ = {isa = PBXBuildFile; fileRef = 1A42A7552D3C88E800C1CFB8 /* FollowedChannels.swift */; };
		1A4F6EFF2D3E269E00A11D11 /* CategoryFilterPill.swift in Sources */ = {isa = PBXBuildFile; fileRef = 1A4F6EFE2D3E269E00A11D11 /* CategoryFilterPill.swift */; };
		1A4F6F022D3F10E900A11D11 /* SubscriptionType.swift in Sources */ = {isa = PBXBuildFile; fileRef = 1A4F6F012D3F10E800A11D11 /* SubscriptionType.swift */; };
		1A4F6F042D3F149300A11D11 /* PurchaseHistory.swift in Sources */ = {isa = PBXBuildFile; fileRef = 1A4F6F032D3F149300A11D11 /* PurchaseHistory.swift */; };
		1A4F6F062D3F153F00A11D11 /* Appearance.swift in Sources */ = {isa = PBXBuildFile; fileRef = 1A4F6F052D3F153E00A11D11 /* Appearance.swift */; };
		1A4F6F082D3F173600A11D11 /* Notifications.swift in Sources */ = {isa = PBXBuildFile; fileRef = 1A4F6F072D3F173600A11D11 /* Notifications.swift */; };
		1A4F6F0A2D41A60700A11D11 /* FAQ.swift in Sources */ = {isa = PBXBuildFile; fileRef = 1A4F6F092D41A60500A11D11 /* FAQ.swift */; };
		1A4F6F0C2D41A85200A11D11 /* ReportIssues.swift in Sources */ = {isa = PBXBuildFile; fileRef = 1A4F6F0B2D41A85200A11D11 /* ReportIssues.swift */; };
		1A4F6F0E2D41ABD200A11D11 /* LicenseInformation.swift in Sources */ = {isa = PBXBuildFile; fileRef = 1A4F6F0D2D41ABD200A11D11 /* LicenseInformation.swift */; };
		1A4F6F102D41AD1F00A11D11 /* PrivacyPolicy.swift in Sources */ = {isa = PBXBuildFile; fileRef = 1A4F6F0F2D41AD1F00A11D11 /* PrivacyPolicy.swift */; };
		1A4F6F122D42F10400A11D11 /* RateLimitPopUp.swift in Sources */ = {isa = PBXBuildFile; fileRef = 1A4F6F112D42F10400A11D11 /* RateLimitPopUp.swift */; };
		1A4F6F142D42F19A00A11D11 /* RateLimiter.swift in Sources */ = {isa = PBXBuildFile; fileRef = 1A4F6F132D42F19A00A11D11 /* RateLimiter.swift */; };
		1A4F6F162D441C2000A11D11 /* MyCoursesLoadingView.swift in Sources */ = {isa = PBXBuildFile; fileRef = 1A4F6F152D441C2000A11D11 /* MyCoursesLoadingView.swift */; };
		1A4F6F182D441C7200A11D11 /* SearchLoadingView.swift in Sources */ = {isa = PBXBuildFile; fileRef = 1A4F6F172D441C7200A11D11 /* SearchLoadingView.swift */; };
		1A4F6F1A2D441F5E00A11D11 /* BottomBrandView.swift in Sources */ = {isa = PBXBuildFile; fileRef = 1A4F6F192D441F5E00A11D11 /* BottomBrandView.swift */; };
		1A4F6F1C2D4424A400A11D11 /* FullCourseSearchResults.swift in Sources */ = {isa = PBXBuildFile; fileRef = 1A4F6F1B2D4424A300A11D11 /* FullCourseSearchResults.swift */; };
		1A4F6F1E2D4424AF00A11D11 /* FullChannelSearchResults.swift in Sources */ = {isa = PBXBuildFile; fileRef = 1A4F6F1D2D4424AF00A11D11 /* FullChannelSearchResults.swift */; };
		1A4F6F202D4424BE00A11D11 /* FullLecturSearchResults.swift in Sources */ = {isa = PBXBuildFile; fileRef = 1A4F6F1F2D4424BD00A11D11 /* FullLecturSearchResults.swift */; };
		1A4F6F222D44453000A11D11 /* FullCourseHistory.swift in Sources */ = {isa = PBXBuildFile; fileRef = 1A4F6F212D44452F00A11D11 /* FullCourseHistory.swift */; };
		1A4F6F262D473DB500A11D11 /* ErrorLoadingView.swift in Sources */ = {isa = PBXBuildFile; fileRef = 1A4F6F252D473DB500A11D11 /* ErrorLoadingView.swift */; };
		1A4F8DF02D34C65000F1E854 /* OnboardingPaywallWithFreeTrial.swift in Sources */ = {isa = PBXBuildFile; fileRef = 1A4F8DEF2D34C65000F1E854 /* OnboardingPaywallWithFreeTrial.swift */; };
		1A4F8DF32D37486300F1E854 /* FirstOpenSignUpSheet.swift in Sources */ = {isa = PBXBuildFile; fileRef = 1A4F8DF22D37486300F1E854 /* FirstOpenSignUpSheet.swift */; };
		1A4F8DF52D3777CF00F1E854 /* UpgradeAccountPaywallWithoutFreeTrial.swift in Sources */ = {isa = PBXBuildFile; fileRef = 1A4F8DF42D3777CF00F1E854 /* UpgradeAccountPaywallWithoutFreeTrial.swift */; };
		1A4F8DF72D386DC800F1E854 /* WatchHistory.swift in Sources */ = {isa = PBXBuildFile; fileRef = 1A4F8DF62D386DC800F1E854 /* WatchHistory.swift */; };
		1A4F8DF92D386F3D00F1E854 /* MyCourseController.swift in Sources */ = {isa = PBXBuildFile; fileRef = 1A4F8DF82D386F3D00F1E854 /* MyCourseController.swift */; };
		1A4F8DFB2D38860200F1E854 /* MyCoursesProUserView.swift in Sources */ = {isa = PBXBuildFile; fileRef = 1A4F8DFA2D38860200F1E854 /* MyCoursesProUserView.swift */; };
		1A5685622D29FB4D00CD3427 /* ExpandableText.swift in Sources */ = {isa = PBXBuildFile; fileRef = 1A5685612D29FB4D00CD3427 /* ExpandableText.swift */; };
		1A5685642D29FE5A00CD3427 /* NotesController.swift in Sources */ = {isa = PBXBuildFile; fileRef = 1A5685632D29FE5A00CD3427 /* NotesController.swift */; };
		1A5685662D2A048B00CD3427 /* HomeworkController.swift in Sources */ = {isa = PBXBuildFile; fileRef = 1A5685652D2A048B00CD3427 /* HomeworkController.swift */; };
		1A5685682D2A04BE00CD3427 /* HomeworkAnswersController.swift in Sources */ = {isa = PBXBuildFile; fileRef = 1A5685672D2A04BE00CD3427 /* HomeworkAnswersController.swift */; };
		1A56856A2D2A1FBB00CD3427 /* Channel.swift in Sources */ = {isa = PBXBuildFile; fileRef = 1A5685692D2A1FBB00CD3427 /* Channel.swift */; };
		1A56856C2D2A287D00CD3427 /* TopBrandView.swift in Sources */ = {isa = PBXBuildFile; fileRef = 1A56856B2D2A287D00CD3427 /* TopBrandView.swift */; };
		1A56856E2D2A4BCE00CD3427 /* ChannelCard.swift in Sources */ = {isa = PBXBuildFile; fileRef = 1A56856D2D2A4BCE00CD3427 /* ChannelCard.swift */; };
		1A5685792D2B395800CD3427 /* ChannelView.swift in Sources */ = {isa = PBXBuildFile; fileRef = 1A5685782D2B395800CD3427 /* ChannelView.swift */; };
		1A56857B2D2B48CE00CD3427 /* CoursesByChannel.swift in Sources */ = {isa = PBXBuildFile; fileRef = 1A56857A2D2B48CE00CD3427 /* CoursesByChannel.swift */; };
		1A56857D2D2B4F5E00CD3427 /* CourseByChannelModule.swift in Sources */ = {isa = PBXBuildFile; fileRef = 1A56857C2D2B4F5E00CD3427 /* CourseByChannelModule.swift */; };
		1A56857F2D2B82C600CD3427 /* LeadingUniversities.swift in Sources */ = {isa = PBXBuildFile; fileRef = 1A56857E2D2B82C600CD3427 /* LeadingUniversities.swift */; };
		1A5685842D2B96E800CD3427 /* ResourceView.swift in Sources */ = {isa = PBXBuildFile; fileRef = 1A5685832D2B96E800CD3427 /* ResourceView.swift */; };
		1A5685862D2B971100CD3427 /* PDFViewer.swift in Sources */ = {isa = PBXBuildFile; fileRef = 1A5685852D2B971100CD3427 /* PDFViewer.swift */; };
		1A5685882D2B989700CD3427 /* test-pdf-doc.pdf in Resources */ = {isa = PBXBuildFile; fileRef = 1A5685872D2B989700CD3427 /* test-pdf-doc.pdf */; };
		1A56858A2D2E3CAC00CD3427 /* RelatedCourse.swift in Sources */ = {isa = PBXBuildFile; fileRef = 1A5685892D2E3CAC00CD3427 /* RelatedCourse.swift */; };
		1A56858D2D2E4AE800CD3427 /* SkeletonLoader.swift in Sources */ = {isa = PBXBuildFile; fileRef = 1A56858C2D2E4AE800CD3427 /* SkeletonLoader.swift */; };
		1A56858F2D2E4B3000CD3427 /* LoaderPreview.swift in Sources */ = {isa = PBXBuildFile; fileRef = 1A56858E2D2E4B3000CD3427 /* LoaderPreview.swift */; };
		1A577AC52D25D61700BE27BF /* Course.swift in Sources */ = {isa = PBXBuildFile; fileRef = 1A577AC42D25D61700BE27BF /* Course.swift */; };
		1A577AC72D25D96D00BE27BF /* Lecture.swift in Sources */ = {isa = PBXBuildFile; fileRef = 1A577AC62D25D96D00BE27BF /* Lecture.swift */; };
		1A577AC92D25DABE00BE27BF /* HomeController.swift in Sources */ = {isa = PBXBuildFile; fileRef = 1A577AC82D25DABE00BE27BF /* HomeController.swift */; };
		1A577ADE2D28848000BE27BF /* ExamController.swift in Sources */ = {isa = PBXBuildFile; fileRef = 1A577ADD2D28848000BE27BF /* ExamController.swift */; };
		1A577AE02D28873100BE27BF /* ResourceChip.swift in Sources */ = {isa = PBXBuildFile; fileRef = 1A577ADF2D28873100BE27BF /* ResourceChip.swift */; };
		1A577AE22D288A9B00BE27BF /* Resource.swift in Sources */ = {isa = PBXBuildFile; fileRef = 1A577AE12D288A9B00BE27BF /* Resource.swift */; };
		1A577AE72D288EC400BE27BF /* ExamAnswerController.swift in Sources */ = {isa = PBXBuildFile; fileRef = 1A577AE62D288EC400BE27BF /* ExamAnswerController.swift */; };
		1A57F9442D5EBC310086763C /* FullSavedLectures.swift in Sources */ = {isa = PBXBuildFile; fileRef = 1A57F9432D5EBC310086763C /* FullSavedLectures.swift */; };
		1A57F9482D5FFDBD0086763C /* FetchButton.swift in Sources */ = {isa = PBXBuildFile; fileRef = 1A57F9472D5FFDBD0086763C /* FetchButton.swift */; };
		1A6495C82D24949100EA16D2 /* AuthController.swift in Sources */ = {isa = PBXBuildFile; fileRef = 1A6495C72D24949000EA16D2 /* AuthController.swift */; };
		1A6495CB2D2495ED00EA16D2 /* GoogleSignIn in Frameworks */ = {isa = PBXBuildFile; productRef = 1A6495CA2D2495ED00EA16D2 /* GoogleSignIn */; };
		1A6495CD2D2495ED00EA16D2 /* GoogleSignInSwift in Frameworks */ = {isa = PBXBuildFile; productRef = 1A6495CC2D2495ED00EA16D2 /* GoogleSignInSwift */; };
		1A6495CF2D2496C400EA16D2 /* ApplicationUtility.swift in Sources */ = {isa = PBXBuildFile; fileRef = 1A6495CE2D2496C400EA16D2 /* ApplicationUtility.swift */; };
		1A684E932D4EF4E000FBDE32 /* RelatedCourses.swift in Sources */ = {isa = PBXBuildFile; fileRef = 1A684E922D4EF4E000FBDE32 /* RelatedCourses.swift */; };
		1A684E962D556A7900FBDE32 /* NewCourse.swift in Sources */ = {isa = PBXBuildFile; fileRef = 1A684E952D556A7900FBDE32 /* NewCourse.swift */; };
		1A684E9A2D55708E00FBDE32 /* NewCourseTabSwitcher.swift in Sources */ = {isa = PBXBuildFile; fileRef = 1A684E992D55708E00FBDE32 /* NewCourseTabSwitcher.swift */; };
		1A684E9C2D5571DF00FBDE32 /* TabLectures.swift in Sources */ = {isa = PBXBuildFile; fileRef = 1A684E9B2D5571DF00FBDE32 /* TabLectures.swift */; };
		1A684E9E2D55728900FBDE32 /* TabAbout.swift in Sources */ = {isa = PBXBuildFile; fileRef = 1A684E9D2D55728900FBDE32 /* TabAbout.swift */; };
		1A684EA02D5578C500FBDE32 /* TabResources.swift in Sources */ = {isa = PBXBuildFile; fileRef = 1A684E9F2D5578C500FBDE32 /* TabResources.swift */; };
		1A684EA32D5584A700FBDE32 /* ChannelInfo.swift in Sources */ = {isa = PBXBuildFile; fileRef = 1A684EA22D5584A700FBDE32 /* ChannelInfo.swift */; };
		1A684EA52D55852F00FBDE32 /* LikeCourseButton.swift in Sources */ = {isa = PBXBuildFile; fileRef = 1A684EA42D55852F00FBDE32 /* LikeCourseButton.swift */; };
		1A684EA72D5C62E200FBDE32 /* FullFollowedChannels.swift in Sources */ = {isa = PBXBuildFile; fileRef = 1A684EA62D5C62E200FBDE32 /* FullFollowedChannels.swift */; };
		1A684EA92D5C6AE000FBDE32 /* FullSavedCourses.swift in Sources */ = {isa = PBXBuildFile; fileRef = 1A684EA82D5C6AE000FBDE32 /* FullSavedCourses.swift */; };
		1A684EAB2D5DB8A200FBDE32 /* CroppedImageView.swift in Sources */ = {isa = PBXBuildFile; fileRef = 1A684EAA2D5DB8A200FBDE32 /* CroppedImageView.swift */; };
		1A7C33A02D3898D40009647E /* WatchedCourseCard.swift in Sources */ = {isa = PBXBuildFile; fileRef = 1A7C339F2D3898D40009647E /* WatchedCourseCard.swift */; };
		1A7C33A22D38C3EA0009647E /* CourseController.swift in Sources */ = {isa = PBXBuildFile; fileRef = 1A7C33A12D38C3EA0009647E /* CourseController.swift */; };
		1A7E9A792D149E4C00CBEF99 /* CourseView.swift in Sources */ = {isa = PBXBuildFile; fileRef = 1A7E9A782D149E4C00CBEF99 /* CourseView.swift */; };
		1A7E9A7B2D14A7AD00CBEF99 /* LectureView.swift in Sources */ = {isa = PBXBuildFile; fileRef = 1A7E9A7A2D14A7AD00CBEF99 /* LectureView.swift */; };
		1A7E9A832D208DE900CBEF99 /* SearchBarWithFilters.swift in Sources */ = {isa = PBXBuildFile; fileRef = 1A7E9A822D208DE900CBEF99 /* SearchBarWithFilters.swift */; };
		1A7E9A852D20915B00CBEF99 /* SearchedCourse.swift in Sources */ = {isa = PBXBuildFile; fileRef = 1A7E9A842D20915A00CBEF99 /* SearchedCourse.swift */; };
		1A7E9A8A2D21DC1300CBEF99 /* CourseCardView.swift in Sources */ = {isa = PBXBuildFile; fileRef = 1A7E9A892D21DC1300CBEF99 /* CourseCardView.swift */; };
		1A7E9A962D21ED8C00CBEF99 /* SettingsMainView.swift in Sources */ = {isa = PBXBuildFile; fileRef = 1A7E9A952D21ED8C00CBEF99 /* SettingsMainView.swift */; };
		1A7E9AA72D2244B400CBEF99 /* FirebaseAuth in Frameworks */ = {isa = PBXBuildFile; productRef = 1A7E9AA62D2244B400CBEF99 /* FirebaseAuth */; };
		1A7E9AA92D2244B400CBEF99 /* FirebaseFirestore in Frameworks */ = {isa = PBXBuildFile; productRef = 1A7E9AA82D2244B400CBEF99 /* FirebaseFirestore */; };
		1A7E9AAB2D2244B400CBEF99 /* FirebaseStorage in Frameworks */ = {isa = PBXBuildFile; productRef = 1A7E9AAA2D2244B400CBEF99 /* FirebaseStorage */; };
		1A7E9AAD2D22451400CBEF99 /* FirebaseCore in Frameworks */ = {isa = PBXBuildFile; productRef = 1A7E9AAC2D22451400CBEF99 /* FirebaseCore */; };
		1A7E9AB02D2376BF00CBEF99 /* SignUpOrInOutsideOfPaywall.swift in Sources */ = {isa = PBXBuildFile; fileRef = 1A7E9AAF2D2376BF00CBEF99 /* SignUpOrInOutsideOfPaywall.swift */; };
		1A7E9AB42D237A3600CBEF99 /* User.swift in Sources */ = {isa = PBXBuildFile; fileRef = 1A7E9AB32D237A3600CBEF99 /* User.swift */; };
		1A7E9AB92D24921000CBEF99 /* SignInWithApple.swift in Sources */ = {isa = PBXBuildFile; fileRef = 1A7E9AB82D24921000CBEF99 /* SignInWithApple.swift */; };
		1A7E9ABB2D24923600CBEF99 /* SignInWithGoogle.swift in Sources */ = {isa = PBXBuildFile; fileRef = 1A7E9ABA2D24923500CBEF99 /* SignInWithGoogle.swift */; };
		1A88CF7B2D2F214500A9CE55 /* HomeLoadingView.swift in Sources */ = {isa = PBXBuildFile; fileRef = 1A88CF7A2D2F214500A9CE55 /* HomeLoadingView.swift */; };
		1A88CF842D30719F00A9CE55 /* YoutubePlayer.swift in Sources */ = {isa = PBXBuildFile; fileRef = 1A88CF832D30719F00A9CE55 /* YoutubePlayer.swift */; };
		1AA40D782D0FE56700BB311F /* LecturesApp.swift in Sources */ = {isa = PBXBuildFile; fileRef = 1AA40D772D0FE56700BB311F /* LecturesApp.swift */; };
		1AA40D7A2D0FE56700BB311F /* ContentView.swift in Sources */ = {isa = PBXBuildFile; fileRef = 1AA40D792D0FE56700BB311F /* ContentView.swift */; };
		1AA40D7C2D0FE56A00BB311F /* Assets.xcassets in Resources */ = {isa = PBXBuildFile; fileRef = 1AA40D7B2D0FE56A00BB311F /* Assets.xcassets */; };
		1AA40D802D0FE56A00BB311F /* Preview Assets.xcassets in Resources */ = {isa = PBXBuildFile; fileRef = 1AA40D7F2D0FE56A00BB311F /* Preview Assets.xcassets */; };
		1AA40D8D2D121C8000BB311F /* HomeMainView.swift in Sources */ = {isa = PBXBuildFile; fileRef = 1AA40D8C2D121C8000BB311F /* HomeMainView.swift */; };
		1AA40D9A2D12344F00BB311F /* CuratedCourses.swift in Sources */ = {isa = PBXBuildFile; fileRef = 1AA40D992D12344F00BB311F /* CuratedCourses.swift */; };
		1AA40D9E2D13711400BB311F /* CommunityFavorites.swift in Sources */ = {isa = PBXBuildFile; fileRef = 1AA40D9D2D13711400BB311F /* CommunityFavorites.swift */; };
		1AA40DA02D13768D00BB311F /* CustomTabBar.swift in Sources */ = {isa = PBXBuildFile; fileRef = 1AA40D9F2D13768D00BB311F /* CustomTabBar.swift */; };
		1AA40DA72D137D3D00BB311F /* MyCoursesMainView.swift in Sources */ = {isa = PBXBuildFile; fileRef = 1AA40DA62D137D3D00BB311F /* MyCoursesMainView.swift */; };
		1AA40DA92D137D4400BB311F /* SearchMainView.swift in Sources */ = {isa = PBXBuildFile; fileRef = 1AA40DA82D137D4400BB311F /* SearchMainView.swift */; };
		1AA40DAD2D137D5400BB311F /* TabBarController.swift in Sources */ = {isa = PBXBuildFile; fileRef = 1AA40DAC2D137D5400BB311F /* TabBarController.swift */; };
		1AAE239A2D3C8BC800E5DB9A /* SavedCourses.swift in Sources */ = {isa = PBXBuildFile; fileRef = 1AAE23992D3C8BC800E5DB9A /* SavedCourses.swift */; };
		1AAE239C2D3CA36F00E5DB9A /* LectureCardView.swift in Sources */ = {isa = PBXBuildFile; fileRef = 1AAE239B2D3CA36F00E5DB9A /* LectureCardView.swift */; };
		1AAE23A02D3CAFCD00E5DB9A /* SearchController.swift in Sources */ = {isa = PBXBuildFile; fileRef = 1AAE239F2D3CAFCD00E5DB9A /* SearchController.swift */; };
		1AAE23A22D3CBEFF00E5DB9A /* SavedLectures.swift in Sources */ = {isa = PBXBuildFile; fileRef = 1AAE23A12D3CBEFF00E5DB9A /* SavedLectures.swift */; };
		1AAE23A62D3CDBE500E5DB9A /* PlainSearchFilterPill.swift in Sources */ = {isa = PBXBuildFile; fileRef = 1AAE23A52D3CDBE500E5DB9A /* PlainSearchFilterPill.swift */; };
		1AAE23A82D3DA6D100E5DB9A /* CourseSearchResult.swift in Sources */ = {isa = PBXBuildFile; fileRef = 1AAE23A72D3DA6D100E5DB9A /* CourseSearchResult.swift */; };
		1AAE23AA2D3DABF100E5DB9A /* LectureSearchResult.swift in Sources */ = {isa = PBXBuildFile; fileRef = 1AAE23A92D3DABF100E5DB9A /* LectureSearchResult.swift */; };
		1AAE23AC2D3DD90800E5DB9A /* ChannelSearchResult.swift in Sources */ = {isa = PBXBuildFile; fileRef = 1AAE23AB2D3DD90800E5DB9A /* ChannelSearchResult.swift */; };
		1AAE23AE2D3E026D00E5DB9A /* FilterSearchResultType.swift in Sources */ = {isa = PBXBuildFile; fileRef = 1AAE23AD2D3E026D00E5DB9A /* FilterSearchResultType.swift */; };
		1AE7B5B92D4C2C6B00A601EB /* ResourceNativeView.swift in Sources */ = {isa = PBXBuildFile; fileRef = 1AE7B5B82D4C2C6B00A601EB /* ResourceNativeView.swift */; };
		1AE7B5BC2D4C907700A601EB /* RevenueCat in Frameworks */ = {isa = PBXBuildFile; productRef = 1AE7B5BB2D4C907700A601EB /* RevenueCat */; };
		1AE7B5BE2D4C907700A601EB /* RevenueCatUI in Frameworks */ = {isa = PBXBuildFile; productRef = 1AE7B5BD2D4C907700A601EB /* RevenueCatUI */; };
		1AE7B5C02D4C912100A601EB /* Secrets.swift in Sources */ = {isa = PBXBuildFile; fileRef = 1AE7B5BF2D4C912100A601EB /* Secrets.swift */; };
		1AE7B5C62D4D6A3D00A601EB /* .gitignore in Resources */ = {isa = PBXBuildFile; fileRef = 1AE7B5C52D4D6A3D00A601EB /* .gitignore */; };
		1AE7B5CB2D4D73A000A601EB /* StoreKit.framework in Frameworks */ = {isa = PBXBuildFile; fileRef = 1AE7B5CA2D4D739F00A601EB /* StoreKit.framework */; };
		1AE7B5CF2D4D768300A601EB /* SubscriptionController.swift in Sources */ = {isa = PBXBuildFile; fileRef = 1AE7B5CE2D4D768300A601EB /* SubscriptionController.swift */; };
/* End PBXBuildFile section */

/* Begin PBXFileReference section */
		1A0EC3DF2D24A42C0098AD26 /* GoogleService-Info.plist */ = {isa = PBXFileReference; lastKnownFileType = text.plist.xml; path = "GoogleService-Info.plist"; sourceTree = "<group>"; };
		1A0EC3E12D24A7840098AD26 /* Info.plist */ = {isa = PBXFileReference; lastKnownFileType = text.plist; path = Info.plist; sourceTree = "<group>"; };
		1A0EC3E72D251FE00098AD26 /* AccountInformation.swift */ = {isa = PBXFileReference; lastKnownFileType = sourcecode.swift; path = AccountInformation.swift; sourceTree = "<group>"; };
		1A0EC3EA2D2522F20098AD26 /* SignOutButton.swift */ = {isa = PBXFileReference; lastKnownFileType = sourcecode.swift; path = SignOutButton.swift; sourceTree = "<group>"; };
		1A0EC3EC2D2523340098AD26 /* DeleteAccountButton.swift */ = {isa = PBXFileReference; lastKnownFileType = sourcecode.swift; path = DeleteAccountButton.swift; sourceTree = "<group>"; };
		1A0EC3EE2D25CF9E0098AD26 /* UserController.swift */ = {isa = PBXFileReference; lastKnownFileType = sourcecode.swift; path = UserController.swift; sourceTree = "<group>"; };
		1A21B98E2D34534C00A492D0 /* Collection.swift */ = {isa = PBXFileReference; lastKnownFileType = sourcecode.swift; path = Collection.swift; sourceTree = "<group>"; };
		1A21B9952D345EAA00A492D0 /* Trending.swift */ = {isa = PBXFileReference; lastKnownFileType = sourcecode.swift; path = Trending.swift; sourceTree = "<group>"; };
		1A21B9972D345FA200A492D0 /* ComputerScience.swift */ = {isa = PBXFileReference; lastKnownFileType = sourcecode.swift; path = ComputerScience.swift; sourceTree = "<group>"; };
		1A42A7512D3C417800C1CFB8 /* ResourceController.swift */ = {isa = PBXFileReference; lastKnownFileType = sourcecode.swift; path = ResourceController.swift; sourceTree = "<group>"; };
		1A42A7532D3C88AB00C1CFB8 /* CourseHistory.swift */ = {isa = PBXFileReference; lastKnownFileType = sourcecode.swift; path = CourseHistory.swift; sourceTree = "<group>"; };
		1A42A7552D3C88E800C1CFB8 /* FollowedChannels.swift */ = {isa = PBXFileReference; lastKnownFileType = sourcecode.swift; path = FollowedChannels.swift; sourceTree = "<group>"; };
		1A4F6EFE2D3E269E00A11D11 /* CategoryFilterPill.swift */ = {isa = PBXFileReference; lastKnownFileType = sourcecode.swift; path = CategoryFilterPill.swift; sourceTree = "<group>"; };
		1A4F6F012D3F10E800A11D11 /* SubscriptionType.swift */ = {isa = PBXFileReference; lastKnownFileType = sourcecode.swift; path = SubscriptionType.swift; sourceTree = "<group>"; };
		1A4F6F032D3F149300A11D11 /* PurchaseHistory.swift */ = {isa = PBXFileReference; lastKnownFileType = sourcecode.swift; path = PurchaseHistory.swift; sourceTree = "<group>"; };
		1A4F6F052D3F153E00A11D11 /* Appearance.swift */ = {isa = PBXFileReference; lastKnownFileType = sourcecode.swift; path = Appearance.swift; sourceTree = "<group>"; };
		1A4F6F072D3F173600A11D11 /* Notifications.swift */ = {isa = PBXFileReference; lastKnownFileType = sourcecode.swift; path = Notifications.swift; sourceTree = "<group>"; };
		1A4F6F092D41A60500A11D11 /* FAQ.swift */ = {isa = PBXFileReference; lastKnownFileType = sourcecode.swift; path = FAQ.swift; sourceTree = "<group>"; };
		1A4F6F0B2D41A85200A11D11 /* ReportIssues.swift */ = {isa = PBXFileReference; lastKnownFileType = sourcecode.swift; path = ReportIssues.swift; sourceTree = "<group>"; };
		1A4F6F0D2D41ABD200A11D11 /* LicenseInformation.swift */ = {isa = PBXFileReference; lastKnownFileType = sourcecode.swift; path = LicenseInformation.swift; sourceTree = "<group>"; };
		1A4F6F0F2D41AD1F00A11D11 /* PrivacyPolicy.swift */ = {isa = PBXFileReference; lastKnownFileType = sourcecode.swift; path = PrivacyPolicy.swift; sourceTree = "<group>"; };
		1A4F6F112D42F10400A11D11 /* RateLimitPopUp.swift */ = {isa = PBXFileReference; lastKnownFileType = sourcecode.swift; path = RateLimitPopUp.swift; sourceTree = "<group>"; };
		1A4F6F132D42F19A00A11D11 /* RateLimiter.swift */ = {isa = PBXFileReference; lastKnownFileType = sourcecode.swift; path = RateLimiter.swift; sourceTree = "<group>"; };
		1A4F6F152D441C2000A11D11 /* MyCoursesLoadingView.swift */ = {isa = PBXFileReference; lastKnownFileType = sourcecode.swift; path = MyCoursesLoadingView.swift; sourceTree = "<group>"; };
		1A4F6F172D441C7200A11D11 /* SearchLoadingView.swift */ = {isa = PBXFileReference; lastKnownFileType = sourcecode.swift; path = SearchLoadingView.swift; sourceTree = "<group>"; };
		1A4F6F192D441F5E00A11D11 /* BottomBrandView.swift */ = {isa = PBXFileReference; lastKnownFileType = sourcecode.swift; path = BottomBrandView.swift; sourceTree = "<group>"; };
		1A4F6F1B2D4424A300A11D11 /* FullCourseSearchResults.swift */ = {isa = PBXFileReference; lastKnownFileType = sourcecode.swift; path = FullCourseSearchResults.swift; sourceTree = "<group>"; };
		1A4F6F1D2D4424AF00A11D11 /* FullChannelSearchResults.swift */ = {isa = PBXFileReference; lastKnownFileType = sourcecode.swift; path = FullChannelSearchResults.swift; sourceTree = "<group>"; };
		1A4F6F1F2D4424BD00A11D11 /* FullLecturSearchResults.swift */ = {isa = PBXFileReference; lastKnownFileType = sourcecode.swift; path = FullLecturSearchResults.swift; sourceTree = "<group>"; };
		1A4F6F212D44452F00A11D11 /* FullCourseHistory.swift */ = {isa = PBXFileReference; lastKnownFileType = sourcecode.swift; path = FullCourseHistory.swift; sourceTree = "<group>"; };
		1A4F6F252D473DB500A11D11 /* ErrorLoadingView.swift */ = {isa = PBXFileReference; lastKnownFileType = sourcecode.swift; path = ErrorLoadingView.swift; sourceTree = "<group>"; };
		1A4F8DEF2D34C65000F1E854 /* OnboardingPaywallWithFreeTrial.swift */ = {isa = PBXFileReference; lastKnownFileType = sourcecode.swift; path = OnboardingPaywallWithFreeTrial.swift; sourceTree = "<group>"; };
		1A4F8DF22D37486300F1E854 /* FirstOpenSignUpSheet.swift */ = {isa = PBXFileReference; lastKnownFileType = sourcecode.swift; path = FirstOpenSignUpSheet.swift; sourceTree = "<group>"; };
		1A4F8DF42D3777CF00F1E854 /* UpgradeAccountPaywallWithoutFreeTrial.swift */ = {isa = PBXFileReference; lastKnownFileType = sourcecode.swift; path = UpgradeAccountPaywallWithoutFreeTrial.swift; sourceTree = "<group>"; };
		1A4F8DF62D386DC800F1E854 /* WatchHistory.swift */ = {isa = PBXFileReference; lastKnownFileType = sourcecode.swift; path = WatchHistory.swift; sourceTree = "<group>"; };
		1A4F8DF82D386F3D00F1E854 /* MyCourseController.swift */ = {isa = PBXFileReference; lastKnownFileType = sourcecode.swift; path = MyCourseController.swift; sourceTree = "<group>"; };
		1A4F8DFA2D38860200F1E854 /* MyCoursesProUserView.swift */ = {isa = PBXFileReference; lastKnownFileType = sourcecode.swift; path = MyCoursesProUserView.swift; sourceTree = "<group>"; };
		1A5685612D29FB4D00CD3427 /* ExpandableText.swift */ = {isa = PBXFileReference; lastKnownFileType = sourcecode.swift; path = ExpandableText.swift; sourceTree = "<group>"; };
		1A5685632D29FE5A00CD3427 /* NotesController.swift */ = {isa = PBXFileReference; lastKnownFileType = sourcecode.swift; path = NotesController.swift; sourceTree = "<group>"; };
		1A5685652D2A048B00CD3427 /* HomeworkController.swift */ = {isa = PBXFileReference; lastKnownFileType = sourcecode.swift; path = HomeworkController.swift; sourceTree = "<group>"; };
		1A5685672D2A04BE00CD3427 /* HomeworkAnswersController.swift */ = {isa = PBXFileReference; lastKnownFileType = sourcecode.swift; path = HomeworkAnswersController.swift; sourceTree = "<group>"; };
		1A5685692D2A1FBB00CD3427 /* Channel.swift */ = {isa = PBXFileReference; lastKnownFileType = sourcecode.swift; path = Channel.swift; sourceTree = "<group>"; };
		1A56856B2D2A287D00CD3427 /* TopBrandView.swift */ = {isa = PBXFileReference; lastKnownFileType = sourcecode.swift; path = TopBrandView.swift; sourceTree = "<group>"; };
		1A56856D2D2A4BCE00CD3427 /* ChannelCard.swift */ = {isa = PBXFileReference; lastKnownFileType = sourcecode.swift; path = ChannelCard.swift; sourceTree = "<group>"; };
		1A5685782D2B395800CD3427 /* ChannelView.swift */ = {isa = PBXFileReference; lastKnownFileType = sourcecode.swift; path = ChannelView.swift; sourceTree = "<group>"; };
		1A56857A2D2B48CE00CD3427 /* CoursesByChannel.swift */ = {isa = PBXFileReference; lastKnownFileType = sourcecode.swift; path = CoursesByChannel.swift; sourceTree = "<group>"; };
		1A56857C2D2B4F5E00CD3427 /* CourseByChannelModule.swift */ = {isa = PBXFileReference; lastKnownFileType = sourcecode.swift; path = CourseByChannelModule.swift; sourceTree = "<group>"; };
		1A56857E2D2B82C600CD3427 /* LeadingUniversities.swift */ = {isa = PBXFileReference; lastKnownFileType = sourcecode.swift; path = LeadingUniversities.swift; sourceTree = "<group>"; };
		1A5685832D2B96E800CD3427 /* ResourceView.swift */ = {isa = PBXFileReference; lastKnownFileType = sourcecode.swift; path = ResourceView.swift; sourceTree = "<group>"; };
		1A5685852D2B971100CD3427 /* PDFViewer.swift */ = {isa = PBXFileReference; lastKnownFileType = sourcecode.swift; path = PDFViewer.swift; sourceTree = "<group>"; };
		1A5685872D2B989700CD3427 /* test-pdf-doc.pdf */ = {isa = PBXFileReference; lastKnownFileType = image.pdf; path = "test-pdf-doc.pdf"; sourceTree = "<group>"; };
		1A5685892D2E3CAC00CD3427 /* RelatedCourse.swift */ = {isa = PBXFileReference; lastKnownFileType = sourcecode.swift; path = RelatedCourse.swift; sourceTree = "<group>"; };
		1A56858C2D2E4AE800CD3427 /* SkeletonLoader.swift */ = {isa = PBXFileReference; lastKnownFileType = sourcecode.swift; path = SkeletonLoader.swift; sourceTree = "<group>"; };
		1A56858E2D2E4B3000CD3427 /* LoaderPreview.swift */ = {isa = PBXFileReference; lastKnownFileType = sourcecode.swift; path = LoaderPreview.swift; sourceTree = "<group>"; };
		1A577AC42D25D61700BE27BF /* Course.swift */ = {isa = PBXFileReference; lastKnownFileType = sourcecode.swift; path = Course.swift; sourceTree = "<group>"; };
		1A577AC62D25D96D00BE27BF /* Lecture.swift */ = {isa = PBXFileReference; lastKnownFileType = sourcecode.swift; path = Lecture.swift; sourceTree = "<group>"; };
		1A577AC82D25DABE00BE27BF /* HomeController.swift */ = {isa = PBXFileReference; lastKnownFileType = sourcecode.swift; path = HomeController.swift; sourceTree = "<group>"; };
		1A577ADD2D28848000BE27BF /* ExamController.swift */ = {isa = PBXFileReference; lastKnownFileType = sourcecode.swift; path = ExamController.swift; sourceTree = "<group>"; };
		1A577ADF2D28873100BE27BF /* ResourceChip.swift */ = {isa = PBXFileReference; lastKnownFileType = sourcecode.swift; path = ResourceChip.swift; sourceTree = "<group>"; };
		1A577AE12D288A9B00BE27BF /* Resource.swift */ = {isa = PBXFileReference; lastKnownFileType = sourcecode.swift; path = Resource.swift; sourceTree = "<group>"; };
		1A577AE62D288EC400BE27BF /* ExamAnswerController.swift */ = {isa = PBXFileReference; lastKnownFileType = sourcecode.swift; path = ExamAnswerController.swift; sourceTree = "<group>"; };
		1A57F9432D5EBC310086763C /* FullSavedLectures.swift */ = {isa = PBXFileReference; lastKnownFileType = sourcecode.swift; path = FullSavedLectures.swift; sourceTree = "<group>"; };
		1A57F9472D5FFDBD0086763C /* FetchButton.swift */ = {isa = PBXFileReference; lastKnownFileType = sourcecode.swift; path = FetchButton.swift; sourceTree = "<group>"; };
		1A6495C72D24949000EA16D2 /* AuthController.swift */ = {isa = PBXFileReference; lastKnownFileType = sourcecode.swift; path = AuthController.swift; sourceTree = "<group>"; };
		1A6495CE2D2496C400EA16D2 /* ApplicationUtility.swift */ = {isa = PBXFileReference; lastKnownFileType = sourcecode.swift; path = ApplicationUtility.swift; sourceTree = "<group>"; };
		1A684E922D4EF4E000FBDE32 /* RelatedCourses.swift */ = {isa = PBXFileReference; lastKnownFileType = sourcecode.swift; path = RelatedCourses.swift; sourceTree = "<group>"; };
		1A684E952D556A7900FBDE32 /* NewCourse.swift */ = {isa = PBXFileReference; lastKnownFileType = sourcecode.swift; path = NewCourse.swift; sourceTree = "<group>"; };
		1A684E992D55708E00FBDE32 /* NewCourseTabSwitcher.swift */ = {isa = PBXFileReference; lastKnownFileType = sourcecode.swift; path = NewCourseTabSwitcher.swift; sourceTree = "<group>"; };
		1A684E9B2D5571DF00FBDE32 /* TabLectures.swift */ = {isa = PBXFileReference; lastKnownFileType = sourcecode.swift; path = TabLectures.swift; sourceTree = "<group>"; };
		1A684E9D2D55728900FBDE32 /* TabAbout.swift */ = {isa = PBXFileReference; lastKnownFileType = sourcecode.swift; path = TabAbout.swift; sourceTree = "<group>"; };
		1A684E9F2D5578C500FBDE32 /* TabResources.swift */ = {isa = PBXFileReference; lastKnownFileType = sourcecode.swift; path = TabResources.swift; sourceTree = "<group>"; };
		1A684EA22D5584A700FBDE32 /* ChannelInfo.swift */ = {isa = PBXFileReference; lastKnownFileType = sourcecode.swift; path = ChannelInfo.swift; sourceTree = "<group>"; };
		1A684EA42D55852F00FBDE32 /* LikeCourseButton.swift */ = {isa = PBXFileReference; lastKnownFileType = sourcecode.swift; path = LikeCourseButton.swift; sourceTree = "<group>"; };
		1A684EA62D5C62E200FBDE32 /* FullFollowedChannels.swift */ = {isa = PBXFileReference; lastKnownFileType = sourcecode.swift; path = FullFollowedChannels.swift; sourceTree = "<group>"; };
		1A684EA82D5C6AE000FBDE32 /* FullSavedCourses.swift */ = {isa = PBXFileReference; lastKnownFileType = sourcecode.swift; path = FullSavedCourses.swift; sourceTree = "<group>"; };
		1A684EAA2D5DB8A200FBDE32 /* CroppedImageView.swift */ = {isa = PBXFileReference; lastKnownFileType = sourcecode.swift; path = CroppedImageView.swift; sourceTree = "<group>"; };
		1A7C339F2D3898D40009647E /* WatchedCourseCard.swift */ = {isa = PBXFileReference; lastKnownFileType = sourcecode.swift; path = WatchedCourseCard.swift; sourceTree = "<group>"; };
		1A7C33A12D38C3EA0009647E /* CourseController.swift */ = {isa = PBXFileReference; lastKnownFileType = sourcecode.swift; path = CourseController.swift; sourceTree = "<group>"; };
		1A7E9A782D149E4C00CBEF99 /* CourseView.swift */ = {isa = PBXFileReference; lastKnownFileType = sourcecode.swift; path = CourseView.swift; sourceTree = "<group>"; };
		1A7E9A7A2D14A7AD00CBEF99 /* LectureView.swift */ = {isa = PBXFileReference; lastKnownFileType = sourcecode.swift; path = LectureView.swift; sourceTree = "<group>"; };
		1A7E9A822D208DE900CBEF99 /* SearchBarWithFilters.swift */ = {isa = PBXFileReference; lastKnownFileType = sourcecode.swift; path = SearchBarWithFilters.swift; sourceTree = "<group>"; };
		1A7E9A842D20915A00CBEF99 /* SearchedCourse.swift */ = {isa = PBXFileReference; lastKnownFileType = sourcecode.swift; path = SearchedCourse.swift; sourceTree = "<group>"; };
		1A7E9A892D21DC1300CBEF99 /* CourseCardView.swift */ = {isa = PBXFileReference; lastKnownFileType = sourcecode.swift; path = CourseCardView.swift; sourceTree = "<group>"; };
		1A7E9A952D21ED8C00CBEF99 /* SettingsMainView.swift */ = {isa = PBXFileReference; lastKnownFileType = sourcecode.swift; path = SettingsMainView.swift; sourceTree = "<group>"; };
		1A7E9AAF2D2376BF00CBEF99 /* SignUpOrInOutsideOfPaywall.swift */ = {isa = PBXFileReference; lastKnownFileType = sourcecode.swift; path = SignUpOrInOutsideOfPaywall.swift; sourceTree = "<group>"; };
		1A7E9AB32D237A3600CBEF99 /* User.swift */ = {isa = PBXFileReference; lastKnownFileType = sourcecode.swift; path = User.swift; sourceTree = "<group>"; };
		1A7E9AB82D24921000CBEF99 /* SignInWithApple.swift */ = {isa = PBXFileReference; lastKnownFileType = sourcecode.swift; path = SignInWithApple.swift; sourceTree = "<group>"; };
		1A7E9ABA2D24923500CBEF99 /* SignInWithGoogle.swift */ = {isa = PBXFileReference; lastKnownFileType = sourcecode.swift; path = SignInWithGoogle.swift; sourceTree = "<group>"; };
		1A88CF7A2D2F214500A9CE55 /* HomeLoadingView.swift */ = {isa = PBXFileReference; lastKnownFileType = sourcecode.swift; path = HomeLoadingView.swift; sourceTree = "<group>"; };
		1A88CF832D30719F00A9CE55 /* YoutubePlayer.swift */ = {isa = PBXFileReference; lastKnownFileType = sourcecode.swift; path = YoutubePlayer.swift; sourceTree = "<group>"; };
		1AA40D742D0FE56700BB311F /* Lectures.app */ = {isa = PBXFileReference; explicitFileType = wrapper.application; includeInIndex = 0; path = Lectures.app; sourceTree = BUILT_PRODUCTS_DIR; };
		1AA40D772D0FE56700BB311F /* LecturesApp.swift */ = {isa = PBXFileReference; lastKnownFileType = sourcecode.swift; path = LecturesApp.swift; sourceTree = "<group>"; };
		1AA40D792D0FE56700BB311F /* ContentView.swift */ = {isa = PBXFileReference; lastKnownFileType = sourcecode.swift; path = ContentView.swift; sourceTree = "<group>"; };
		1AA40D7B2D0FE56A00BB311F /* Assets.xcassets */ = {isa = PBXFileReference; lastKnownFileType = folder.assetcatalog; path = Assets.xcassets; sourceTree = "<group>"; };
		1AA40D7D2D0FE56A00BB311F /* Lectures.entitlements */ = {isa = PBXFileReference; lastKnownFileType = text.plist.entitlements; path = Lectures.entitlements; sourceTree = "<group>"; };
		1AA40D7F2D0FE56A00BB311F /* Preview Assets.xcassets */ = {isa = PBXFileReference; lastKnownFileType = folder.assetcatalog; path = "Preview Assets.xcassets"; sourceTree = "<group>"; };
		1AA40D8C2D121C8000BB311F /* HomeMainView.swift */ = {isa = PBXFileReference; lastKnownFileType = sourcecode.swift; path = HomeMainView.swift; sourceTree = "<group>"; };
		1AA40D992D12344F00BB311F /* CuratedCourses.swift */ = {isa = PBXFileReference; lastKnownFileType = sourcecode.swift; path = CuratedCourses.swift; sourceTree = "<group>"; };
		1AA40D9D2D13711400BB311F /* CommunityFavorites.swift */ = {isa = PBXFileReference; lastKnownFileType = sourcecode.swift; path = CommunityFavorites.swift; sourceTree = "<group>"; };
		1AA40D9F2D13768D00BB311F /* CustomTabBar.swift */ = {isa = PBXFileReference; lastKnownFileType = sourcecode.swift; path = CustomTabBar.swift; sourceTree = "<group>"; };
		1AA40DA62D137D3D00BB311F /* MyCoursesMainView.swift */ = {isa = PBXFileReference; lastKnownFileType = sourcecode.swift; path = MyCoursesMainView.swift; sourceTree = "<group>"; };
		1AA40DA82D137D4400BB311F /* SearchMainView.swift */ = {isa = PBXFileReference; lastKnownFileType = sourcecode.swift; path = SearchMainView.swift; sourceTree = "<group>"; };
		1AA40DAC2D137D5400BB311F /* TabBarController.swift */ = {isa = PBXFileReference; lastKnownFileType = sourcecode.swift; path = TabBarController.swift; sourceTree = "<group>"; };
		1AAE23992D3C8BC800E5DB9A /* SavedCourses.swift */ = {isa = PBXFileReference; lastKnownFileType = sourcecode.swift; path = SavedCourses.swift; sourceTree = "<group>"; };
		1AAE239B2D3CA36F00E5DB9A /* LectureCardView.swift */ = {isa = PBXFileReference; lastKnownFileType = sourcecode.swift; path = LectureCardView.swift; sourceTree = "<group>"; };
		1AAE239F2D3CAFCD00E5DB9A /* SearchController.swift */ = {isa = PBXFileReference; lastKnownFileType = sourcecode.swift; path = SearchController.swift; sourceTree = "<group>"; };
		1AAE23A12D3CBEFF00E5DB9A /* SavedLectures.swift */ = {isa = PBXFileReference; lastKnownFileType = sourcecode.swift; path = SavedLectures.swift; sourceTree = "<group>"; };
		1AAE23A52D3CDBE500E5DB9A /* PlainSearchFilterPill.swift */ = {isa = PBXFileReference; lastKnownFileType = sourcecode.swift; path = PlainSearchFilterPill.swift; sourceTree = "<group>"; };
		1AAE23A72D3DA6D100E5DB9A /* CourseSearchResult.swift */ = {isa = PBXFileReference; lastKnownFileType = sourcecode.swift; path = CourseSearchResult.swift; sourceTree = "<group>"; };
		1AAE23A92D3DABF100E5DB9A /* LectureSearchResult.swift */ = {isa = PBXFileReference; lastKnownFileType = sourcecode.swift; path = LectureSearchResult.swift; sourceTree = "<group>"; };
		1AAE23AB2D3DD90800E5DB9A /* ChannelSearchResult.swift */ = {isa = PBXFileReference; lastKnownFileType = sourcecode.swift; path = ChannelSearchResult.swift; sourceTree = "<group>"; };
		1AAE23AD2D3E026D00E5DB9A /* FilterSearchResultType.swift */ = {isa = PBXFileReference; lastKnownFileType = sourcecode.swift; path = FilterSearchResultType.swift; sourceTree = "<group>"; };
		1AE7B5B82D4C2C6B00A601EB /* ResourceNativeView.swift */ = {isa = PBXFileReference; lastKnownFileType = sourcecode.swift; path = ResourceNativeView.swift; sourceTree = "<group>"; };
		1AE7B5BF2D4C912100A601EB /* Secrets.swift */ = {isa = PBXFileReference; lastKnownFileType = sourcecode.swift; path = Secrets.swift; sourceTree = "<group>"; };
		1AE7B5C52D4D6A3D00A601EB /* .gitignore */ = {isa = PBXFileReference; lastKnownFileType = text; path = .gitignore; sourceTree = "<group>"; };
		1AE7B5CA2D4D739F00A601EB /* StoreKit.framework */ = {isa = PBXFileReference; lastKnownFileType = wrapper.framework; name = StoreKit.framework; path = System/Library/Frameworks/StoreKit.framework; sourceTree = SDKROOT; };
		1AE7B5CE2D4D768300A601EB /* SubscriptionController.swift */ = {isa = PBXFileReference; lastKnownFileType = sourcecode.swift; path = SubscriptionController.swift; sourceTree = "<group>"; };
/* End PBXFileReference section */

/* Begin PBXFrameworksBuildPhase section */
		1AA40D712D0FE56700BB311F /* Frameworks */ = {
			isa = PBXFrameworksBuildPhase;
			buildActionMask = 2147483647;
			files = (
				1A21B9822D30745400A492D0 /* YouTubePlayerKit in Frameworks */,
				1A6495CB2D2495ED00EA16D2 /* GoogleSignIn in Frameworks */,
				1A7E9AA72D2244B400CBEF99 /* FirebaseAuth in Frameworks */,
				1A7E9AA92D2244B400CBEF99 /* FirebaseFirestore in Frameworks */,
				1AE7B5BC2D4C907700A601EB /* RevenueCat in Frameworks */,
				1AE7B5BE2D4C907700A601EB /* RevenueCatUI in Frameworks */,
				1A6495CD2D2495ED00EA16D2 /* GoogleSignInSwift in Frameworks */,
				1AE7B5CB2D4D73A000A601EB /* StoreKit.framework in Frameworks */,
				1A7E9AAD2D22451400CBEF99 /* FirebaseCore in Frameworks */,
				1A7E9AAB2D2244B400CBEF99 /* FirebaseStorage in Frameworks */,
			);
			runOnlyForDeploymentPostprocessing = 0;
		};
/* End PBXFrameworksBuildPhase section */

/* Begin PBXGroup section */
		1A0EC3E62D251FC90098AD26 /* SettingsSections */ = {
			isa = PBXGroup;
			children = (
				1A0EC3E72D251FE00098AD26 /* AccountInformation.swift */,
				1A4F6F012D3F10E800A11D11 /* SubscriptionType.swift */,
				1A4F6F032D3F149300A11D11 /* PurchaseHistory.swift */,
				1A4F6F052D3F153E00A11D11 /* Appearance.swift */,
				1A4F6F072D3F173600A11D11 /* Notifications.swift */,
				1A4F6F092D41A60500A11D11 /* FAQ.swift */,
				1A4F6F0B2D41A85200A11D11 /* ReportIssues.swift */,
				1A4F6F0D2D41ABD200A11D11 /* LicenseInformation.swift */,
				1A4F6F0F2D41AD1F00A11D11 /* PrivacyPolicy.swift */,
			);
			path = SettingsSections;
			sourceTree = "<group>";
		};
		1A0EC3E92D2522E30098AD26 /* SettingsMoudles */ = {
			isa = PBXGroup;
			children = (
				1A0EC3EA2D2522F20098AD26 /* SignOutButton.swift */,
				1A0EC3EC2D2523340098AD26 /* DeleteAccountButton.swift */,
			);
			path = SettingsMoudles;
			sourceTree = "<group>";
		};
		1A21B9922D345AD100A492D0 /* HomeTabs */ = {
			isa = PBXGroup;
			children = (
				1A21B9952D345EAA00A492D0 /* Trending.swift */,
				1A21B9972D345FA200A492D0 /* ComputerScience.swift */,
			);
			path = HomeTabs;
			sourceTree = "<group>";
		};
		1A4F6F002D3E2A0700A11D11 /* Filters */ = {
			isa = PBXGroup;
			children = (
				1AAE23A52D3CDBE500E5DB9A /* PlainSearchFilterPill.swift */,
				1AAE23AD2D3E026D00E5DB9A /* FilterSearchResultType.swift */,
				1A4F6EFE2D3E269E00A11D11 /* CategoryFilterPill.swift */,
			);
			path = Filters;
			sourceTree = "<group>";
		};
		1A4F8DF12D37482600F1E854 /* FirstOpen */ = {
			isa = PBXGroup;
			children = (
				1A4F8DEF2D34C65000F1E854 /* OnboardingPaywallWithFreeTrial.swift */,
				1A4F8DF22D37486300F1E854 /* FirstOpenSignUpSheet.swift */,
			);
			path = FirstOpen;
			sourceTree = "<group>";
		};
		1A5685712D2A51B300CD3427 /* ChannelViews */ = {
			isa = PBXGroup;
			children = (
				1A56856D2D2A4BCE00CD3427 /* ChannelCard.swift */,
				1A5685782D2B395800CD3427 /* ChannelView.swift */,
				1A56857A2D2B48CE00CD3427 /* CoursesByChannel.swift */,
				1A56857C2D2B4F5E00CD3427 /* CourseByChannelModule.swift */,
			);
			path = ChannelViews;
			sourceTree = "<group>";
		};
		1A5685822D2B96D700CD3427 /* Resource */ = {
			isa = PBXGroup;
			children = (
				1A5685832D2B96E800CD3427 /* ResourceView.swift */,
				1A5685852D2B971100CD3427 /* PDFViewer.swift */,
				1AE7B5B82D4C2C6B00A601EB /* ResourceNativeView.swift */,
			);
			path = Resource;
			sourceTree = "<group>";
		};
		1A56858B2D2E4AD700CD3427 /* LoadingViews */ = {
			isa = PBXGroup;
			children = (
				1A56858C2D2E4AE800CD3427 /* SkeletonLoader.swift */,
				1A56858E2D2E4B3000CD3427 /* LoaderPreview.swift */,
				1A88CF7A2D2F214500A9CE55 /* HomeLoadingView.swift */,
				1A4F6F152D441C2000A11D11 /* MyCoursesLoadingView.swift */,
				1A4F6F172D441C7200A11D11 /* SearchLoadingView.swift */,
				1A4F6F252D473DB500A11D11 /* ErrorLoadingView.swift */,
			);
			path = LoadingViews;
			sourceTree = "<group>";
		};
		1A577ADC2D28846E00BE27BF /* ResourceControllers */ = {
			isa = PBXGroup;
			children = (
				1A577ADD2D28848000BE27BF /* ExamController.swift */,
				1A577AE62D288EC400BE27BF /* ExamAnswerController.swift */,
				1A5685632D29FE5A00CD3427 /* NotesController.swift */,
				1A5685652D2A048B00CD3427 /* HomeworkController.swift */,
				1A5685672D2A04BE00CD3427 /* HomeworkAnswersController.swift */,
				1A42A7512D3C417800C1CFB8 /* ResourceController.swift */,
			);
			path = ResourceControllers;
			sourceTree = "<group>";
		};
		1A57F9422D5EBA8A0086763C /* OLD */ = {
			isa = PBXGroup;
			children = (
				1A7E9A782D149E4C00CBEF99 /* CourseView.swift */,
				1A7E9A772D149DF400CBEF99 /* LectureViews */,
			);
			path = OLD;
			sourceTree = "<group>";
		};
		1A684E942D556A6900FBDE32 /* CourseViewer */ = {
			isa = PBXGroup;
			children = (
				1A684EA12D55849600FBDE32 /* Modules */,
				1A684E952D556A7900FBDE32 /* NewCourse.swift */,
				1A684E992D55708E00FBDE32 /* NewCourseTabSwitcher.swift */,
				1A684E9B2D5571DF00FBDE32 /* TabLectures.swift */,
				1A684E9D2D55728900FBDE32 /* TabAbout.swift */,
				1A684E9F2D5578C500FBDE32 /* TabResources.swift */,
			);
			path = CourseViewer;
			sourceTree = "<group>";
		};
		1A684EA12D55849600FBDE32 /* Modules */ = {
			isa = PBXGroup;
			children = (
				1A7E9A892D21DC1300CBEF99 /* CourseCardView.swift */,
				1A684E922D4EF4E000FBDE32 /* RelatedCourses.swift */,
				1A5685892D2E3CAC00CD3427 /* RelatedCourse.swift */,
				1A684EA22D5584A700FBDE32 /* ChannelInfo.swift */,
				1A684EA42D55852F00FBDE32 /* LikeCourseButton.swift */,
				1A684EAA2D5DB8A200FBDE32 /* CroppedImageView.swift */,
				1A57F9472D5FFDBD0086763C /* FetchButton.swift */,
			);
			path = Modules;
			sourceTree = "<group>";
		};
		1A7E9A772D149DF400CBEF99 /* LectureViews */ = {
			isa = PBXGroup;
			children = (
				1A7E9A7A2D14A7AD00CBEF99 /* LectureView.swift */,
			);
			path = LectureViews;
			sourceTree = "<group>";
		};
		1A7E9A812D208DD200CBEF99 /* SearchModules */ = {
			isa = PBXGroup;
			children = (
				1A4F6F002D3E2A0700A11D11 /* Filters */,
				1A7E9A822D208DE900CBEF99 /* SearchBarWithFilters.swift */,
				1A7E9A842D20915A00CBEF99 /* SearchedCourse.swift */,
				1AAE23A72D3DA6D100E5DB9A /* CourseSearchResult.swift */,
				1AAE23A92D3DABF100E5DB9A /* LectureSearchResult.swift */,
				1AAE23AB2D3DD90800E5DB9A /* ChannelSearchResult.swift */,
				1A4F6F1B2D4424A300A11D11 /* FullCourseSearchResults.swift */,
				1A4F6F1D2D4424AF00A11D11 /* FullChannelSearchResults.swift */,
				1A4F6F1F2D4424BD00A11D11 /* FullLecturSearchResults.swift */,
			);
			path = SearchModules;
			sourceTree = "<group>";
		};
		1A7E9A912D21EBE000CBEF99 /* MyCoursesModules */ = {
			isa = PBXGroup;
			children = (
				1A7C339F2D3898D40009647E /* WatchedCourseCard.swift */,
				1A42A7532D3C88AB00C1CFB8 /* CourseHistory.swift */,
				1A42A7552D3C88E800C1CFB8 /* FollowedChannels.swift */,
				1AAE23992D3C8BC800E5DB9A /* SavedCourses.swift */,
				1AAE239B2D3CA36F00E5DB9A /* LectureCardView.swift */,
				1AAE23A12D3CBEFF00E5DB9A /* SavedLectures.swift */,
				1A4F6F212D44452F00A11D11 /* FullCourseHistory.swift */,
				1A684EA62D5C62E200FBDE32 /* FullFollowedChannels.swift */,
				1A684EA82D5C6AE000FBDE32 /* FullSavedCourses.swift */,
				1A57F9432D5EBC310086763C /* FullSavedLectures.swift */,
			);
			path = MyCoursesModules;
			sourceTree = "<group>";
		};
		1A7E9A942D21ED7D00CBEF99 /* Settings */ = {
			isa = PBXGroup;
			children = (
				1A0EC3E92D2522E30098AD26 /* SettingsMoudles */,
				1A0EC3E62D251FC90098AD26 /* SettingsSections */,
				1A7E9A952D21ED8C00CBEF99 /* SettingsMainView.swift */,
			);
			path = Settings;
			sourceTree = "<group>";
		};
		1A7E9AAE2D2375C100CBEF99 /* Onboarding */ = {
			isa = PBXGroup;
			children = (
				1A4F8DF12D37482600F1E854 /* FirstOpen */,
				1A7E9AB72D24920000CBEF99 /* OnboardingModules */,
				1A7E9AAF2D2376BF00CBEF99 /* SignUpOrInOutsideOfPaywall.swift */,
				1A4F8DF42D3777CF00F1E854 /* UpgradeAccountPaywallWithoutFreeTrial.swift */,
			);
			path = Onboarding;
			sourceTree = "<group>";
		};
		1A7E9AB72D24920000CBEF99 /* OnboardingModules */ = {
			isa = PBXGroup;
			children = (
				1A7E9AB82D24921000CBEF99 /* SignInWithApple.swift */,
				1A7E9ABA2D24923500CBEF99 /* SignInWithGoogle.swift */,
			);
			path = OnboardingModules;
			sourceTree = "<group>";
		};
		1A88CF822D30719400A9CE55 /* YoutubePlayer */ = {
			isa = PBXGroup;
			children = (
				1A88CF832D30719F00A9CE55 /* YoutubePlayer.swift */,
			);
			path = YoutubePlayer;
			sourceTree = "<group>";
		};
		1AA40D6B2D0FE56700BB311F = {
			isa = PBXGroup;
			children = (
				1AA40D762D0FE56700BB311F /* Lectures */,
				1AE7B5C92D4D739F00A601EB /* Frameworks */,
				1AA40D752D0FE56700BB311F /* Products */,
			);
			sourceTree = "<group>";
		};
		1AA40D752D0FE56700BB311F /* Products */ = {
			isa = PBXGroup;
			children = (
				1AA40D742D0FE56700BB311F /* Lectures.app */,
			);
			name = Products;
			sourceTree = "<group>";
		};
		1AA40D762D0FE56700BB311F /* Lectures */ = {
			isa = PBXGroup;
			children = (
				1A5685872D2B989700CD3427 /* test-pdf-doc.pdf */,
				1A0EC3E12D24A7840098AD26 /* Info.plist */,
				1AA40D882D0FE8B400BB311F /* Controllers */,
				1AA40D872D0FE8AE00BB311F /* Models */,
				1AA40D862D0FE8A800BB311F /* Views */,
				1AA40D772D0FE56700BB311F /* LecturesApp.swift */,
				1AA40D792D0FE56700BB311F /* ContentView.swift */,
				1AA40D7B2D0FE56A00BB311F /* Assets.xcassets */,
				1AA40D7D2D0FE56A00BB311F /* Lectures.entitlements */,
				1A0EC3DF2D24A42C0098AD26 /* GoogleService-Info.plist */,
				1AA40D7E2D0FE56A00BB311F /* Preview Content */,
				1A6495CE2D2496C400EA16D2 /* ApplicationUtility.swift */,
				1AE7B5BF2D4C912100A601EB /* Secrets.swift */,
				1AE7B5C52D4D6A3D00A601EB /* .gitignore */,
			);
			path = Lectures;
			sourceTree = "<group>";
		};
		1AA40D7E2D0FE56A00BB311F /* Preview Content */ = {
			isa = PBXGroup;
			children = (
				1AA40D7F2D0FE56A00BB311F /* Preview Assets.xcassets */,
			);
			path = "Preview Content";
			sourceTree = "<group>";
		};
		1AA40D862D0FE8A800BB311F /* Views */ = {
			isa = PBXGroup;
			children = (
				1A684E942D556A6900FBDE32 /* CourseViewer */,
				1A56858B2D2E4AD700CD3427 /* LoadingViews */,
				1A5685822D2B96D700CD3427 /* Resource */,
				1A7E9AAE2D2375C100CBEF99 /* Onboarding */,
				1A7E9A942D21ED7D00CBEF99 /* Settings */,
				1AA40DA42D137D2B00BB311F /* Search */,
				1AA40DA12D137D0E00BB311F /* MyCourses */,
				1AA40D8B2D121C5A00BB311F /* Home */,
				1AA40D9F2D13768D00BB311F /* CustomTabBar.swift */,
				1A56856B2D2A287D00CD3427 /* TopBrandView.swift */,
				1A4F6F112D42F10400A11D11 /* RateLimitPopUp.swift */,
				1A4F6F192D441F5E00A11D11 /* BottomBrandView.swift */,
			);
			path = Views;
			sourceTree = "<group>";
		};
		1AA40D872D0FE8AE00BB311F /* Models */ = {
			isa = PBXGroup;
			children = (
				1A7E9AB32D237A3600CBEF99 /* User.swift */,
				1A577AC42D25D61700BE27BF /* Course.swift */,
				1A577AC62D25D96D00BE27BF /* Lecture.swift */,
				1A577AE12D288A9B00BE27BF /* Resource.swift */,
				1A5685692D2A1FBB00CD3427 /* Channel.swift */,
				1A21B98E2D34534C00A492D0 /* Collection.swift */,
				1A4F8DF62D386DC800F1E854 /* WatchHistory.swift */,
			);
			path = Models;
			sourceTree = "<group>";
		};
		1AA40D882D0FE8B400BB311F /* Controllers */ = {
			isa = PBXGroup;
			children = (
				1A577ADC2D28846E00BE27BF /* ResourceControllers */,
				1AA40DAC2D137D5400BB311F /* TabBarController.swift */,
				1A6495C72D24949000EA16D2 /* AuthController.swift */,
				1A0EC3EE2D25CF9E0098AD26 /* UserController.swift */,
				1A577AC82D25DABE00BE27BF /* HomeController.swift */,
				1A4F8DF82D386F3D00F1E854 /* MyCourseController.swift */,
				1A7C33A12D38C3EA0009647E /* CourseController.swift */,
				1AAE239F2D3CAFCD00E5DB9A /* SearchController.swift */,
				1A4F6F132D42F19A00A11D11 /* RateLimiter.swift */,
				1AE7B5CE2D4D768300A601EB /* SubscriptionController.swift */,
			);
			path = Controllers;
			sourceTree = "<group>";
		};
		1AA40D8B2D121C5A00BB311F /* Home */ = {
			isa = PBXGroup;
			children = (
				1A57F9422D5EBA8A0086763C /* OLD */,
				1A21B9922D345AD100A492D0 /* HomeTabs */,
				1A88CF822D30719400A9CE55 /* YoutubePlayer */,
				1A5685712D2A51B300CD3427 /* ChannelViews */,
				1AA40D8E2D121E4D00BB311F /* HomeModules */,
				1AA40D8C2D121C8000BB311F /* HomeMainView.swift */,
				1A577ADF2D28873100BE27BF /* ResourceChip.swift */,
			);
			path = Home;
			sourceTree = "<group>";
		};
		1AA40D8E2D121E4D00BB311F /* HomeModules */ = {
			isa = PBXGroup;
			children = (
				1AA40D992D12344F00BB311F /* CuratedCourses.swift */,
				1AA40D9D2D13711400BB311F /* CommunityFavorites.swift */,
				1A5685612D29FB4D00CD3427 /* ExpandableText.swift */,
				1A56857E2D2B82C600CD3427 /* LeadingUniversities.swift */,
			);
			path = HomeModules;
			sourceTree = "<group>";
		};
		1AA40DA12D137D0E00BB311F /* MyCourses */ = {
			isa = PBXGroup;
			children = (
				1A7E9A912D21EBE000CBEF99 /* MyCoursesModules */,
				1AA40DA62D137D3D00BB311F /* MyCoursesMainView.swift */,
				1A4F8DFA2D38860200F1E854 /* MyCoursesProUserView.swift */,
			);
			path = MyCourses;
			sourceTree = "<group>";
		};
		1AA40DA42D137D2B00BB311F /* Search */ = {
			isa = PBXGroup;
			children = (
				1A7E9A812D208DD200CBEF99 /* SearchModules */,
				1AA40DA82D137D4400BB311F /* SearchMainView.swift */,
			);
			path = Search;
			sourceTree = "<group>";
		};
		1AE7B5C92D4D739F00A601EB /* Frameworks */ = {
			isa = PBXGroup;
			children = (
				1AE7B5CA2D4D739F00A601EB /* StoreKit.framework */,
			);
			name = Frameworks;
			sourceTree = "<group>";
		};
/* End PBXGroup section */

/* Begin PBXNativeTarget section */
		1AA40D732D0FE56700BB311F /* Lectures */ = {
			isa = PBXNativeTarget;
			buildConfigurationList = 1AA40D832D0FE56A00BB311F /* Build configuration list for PBXNativeTarget "Lectures" */;
			buildPhases = (
				1AA40D702D0FE56700BB311F /* Sources */,
				1AA40D712D0FE56700BB311F /* Frameworks */,
				1AA40D722D0FE56700BB311F /* Resources */,
			);
			buildRules = (
			);
			dependencies = (
			);
			name = Lectures;
			packageProductDependencies = (
				1A7E9AA62D2244B400CBEF99 /* FirebaseAuth */,
				1A7E9AA82D2244B400CBEF99 /* FirebaseFirestore */,
				1A7E9AAA2D2244B400CBEF99 /* FirebaseStorage */,
				1A7E9AAC2D22451400CBEF99 /* FirebaseCore */,
				1A6495CA2D2495ED00EA16D2 /* GoogleSignIn */,
				1A6495CC2D2495ED00EA16D2 /* GoogleSignInSwift */,
				1A21B9812D30745400A492D0 /* YouTubePlayerKit */,
				1AE7B5BB2D4C907700A601EB /* RevenueCat */,
				1AE7B5BD2D4C907700A601EB /* RevenueCatUI */,
			);
			productName = Lectures;
			productReference = 1AA40D742D0FE56700BB311F /* Lectures.app */;
			productType = "com.apple.product-type.application";
		};
/* End PBXNativeTarget section */

/* Begin PBXProject section */
		1AA40D6C2D0FE56700BB311F /* Project object */ = {
			isa = PBXProject;
			attributes = {
				BuildIndependentTargetsInParallel = 1;
				LastSwiftUpdateCheck = 1540;
				LastUpgradeCheck = 1540;
				TargetAttributes = {
					1AA40D732D0FE56700BB311F = {
						CreatedOnToolsVersion = 15.4;
					};
				};
			};
			buildConfigurationList = 1AA40D6F2D0FE56700BB311F /* Build configuration list for PBXProject "Lectures" */;
			compatibilityVersion = "Xcode 14.0";
			developmentRegion = en;
			hasScannedForEncodings = 0;
			knownRegions = (
				en,
				Base,
			);
			mainGroup = 1AA40D6B2D0FE56700BB311F;
			packageReferences = (
				1A7E9AA52D2244B400CBEF99 /* XCRemoteSwiftPackageReference "firebase-ios-sdk" */,
				1A6495C92D2495ED00EA16D2 /* XCRemoteSwiftPackageReference "GoogleSignIn-iOS" */,
				1A21B9802D30745400A492D0 /* XCRemoteSwiftPackageReference "YouTubePlayerKit" */,
				1AE7B5BA2D4C907700A601EB /* XCRemoteSwiftPackageReference "purchases-ios-spm" */,
			);
			productRefGroup = 1AA40D752D0FE56700BB311F /* Products */;
			projectDirPath = "";
			projectRoot = "";
			targets = (
				1AA40D732D0FE56700BB311F /* Lectures */,
			);
		};
/* End PBXProject section */

/* Begin PBXResourcesBuildPhase section */
		1AA40D722D0FE56700BB311F /* Resources */ = {
			isa = PBXResourcesBuildPhase;
			buildActionMask = 2147483647;
			files = (
				1AE7B5C62D4D6A3D00A601EB /* .gitignore in Resources */,
				1AA40D802D0FE56A00BB311F /* Preview Assets.xcassets in Resources */,
				1AA40D7C2D0FE56A00BB311F /* Assets.xcassets in Resources */,
				1A5685882D2B989700CD3427 /* test-pdf-doc.pdf in Resources */,
				1A0EC3E02D24A42C0098AD26 /* GoogleService-Info.plist in Resources */,
			);
			runOnlyForDeploymentPostprocessing = 0;
		};
/* End PBXResourcesBuildPhase section */

/* Begin PBXSourcesBuildPhase section */
		1AA40D702D0FE56700BB311F /* Sources */ = {
			isa = PBXSourcesBuildPhase;
			buildActionMask = 2147483647;
			files = (
				1AA40DA72D137D3D00BB311F /* MyCoursesMainView.swift in Sources */,
				1A7E9A832D208DE900CBEF99 /* SearchBarWithFilters.swift in Sources */,
				1A0EC3EF2D25CF9E0098AD26 /* UserController.swift in Sources */,
				1A684EA92D5C6AE000FBDE32 /* FullSavedCourses.swift in Sources */,
				1A4F6F1A2D441F5E00A11D11 /* BottomBrandView.swift in Sources */,
				1A5685662D2A048B00CD3427 /* HomeworkController.swift in Sources */,
				1A4F8DF32D37486300F1E854 /* FirstOpenSignUpSheet.swift in Sources */,
				1A5685622D29FB4D00CD3427 /* ExpandableText.swift in Sources */,
				1A4F8DFB2D38860200F1E854 /* MyCoursesProUserView.swift in Sources */,
				1A56857B2D2B48CE00CD3427 /* CoursesByChannel.swift in Sources */,
				1A4F6F102D41AD1F00A11D11 /* PrivacyPolicy.swift in Sources */,
				1A684EA52D55852F00FBDE32 /* LikeCourseButton.swift in Sources */,
				1AAE239C2D3CA36F00E5DB9A /* LectureCardView.swift in Sources */,
				1A0EC3E82D251FE00098AD26 /* AccountInformation.swift in Sources */,
				1A7E9A8A2D21DC1300CBEF99 /* CourseCardView.swift in Sources */,
				1A7E9A852D20915B00CBEF99 /* SearchedCourse.swift in Sources */,
				1A7E9AB92D24921000CBEF99 /* SignInWithApple.swift in Sources */,
				1A0EC3EB2D2522F20098AD26 /* SignOutButton.swift in Sources */,
				1A5685682D2A04BE00CD3427 /* HomeworkAnswersController.swift in Sources */,
				1A56858F2D2E4B3000CD3427 /* LoaderPreview.swift in Sources */,
				1A56858D2D2E4AE800CD3427 /* SkeletonLoader.swift in Sources */,
				1A4F6F082D3F173600A11D11 /* Notifications.swift in Sources */,
				1A88CF7B2D2F214500A9CE55 /* HomeLoadingView.swift in Sources */,
				1A7C33A22D38C3EA0009647E /* CourseController.swift in Sources */,
				1A7E9AB02D2376BF00CBEF99 /* SignUpOrInOutsideOfPaywall.swift in Sources */,
				1A56858A2D2E3CAC00CD3427 /* RelatedCourse.swift in Sources */,
				1AAE239A2D3C8BC800E5DB9A /* SavedCourses.swift in Sources */,
				1A56857D2D2B4F5E00CD3427 /* CourseByChannelModule.swift in Sources */,
				1A684E9E2D55728900FBDE32 /* TabAbout.swift in Sources */,
				1AE7B5C02D4C912100A601EB /* Secrets.swift in Sources */,
				1A684E932D4EF4E000FBDE32 /* RelatedCourses.swift in Sources */,
				1A577AE22D288A9B00BE27BF /* Resource.swift in Sources */,
				1A4F6F022D3F10E900A11D11 /* SubscriptionType.swift in Sources */,
				1A21B9982D345FA200A492D0 /* ComputerScience.swift in Sources */,
				1A42A7522D3C417800C1CFB8 /* ResourceController.swift in Sources */,
				1AAE23A02D3CAFCD00E5DB9A /* SearchController.swift in Sources */,
				1AAE23A82D3DA6D100E5DB9A /* CourseSearchResult.swift in Sources */,
				1A7E9AB42D237A3600CBEF99 /* User.swift in Sources */,
				1A7E9ABB2D24923600CBEF99 /* SignInWithGoogle.swift in Sources */,
				1A577AE02D28873100BE27BF /* ResourceChip.swift in Sources */,
				1A42A7542D3C88AB00C1CFB8 /* CourseHistory.swift in Sources */,
				1A56856C2D2A287D00CD3427 /* TopBrandView.swift in Sources */,
				1A4F8DF52D3777CF00F1E854 /* UpgradeAccountPaywallWithoutFreeTrial.swift in Sources */,
				1A6495C82D24949100EA16D2 /* AuthController.swift in Sources */,
				1A577AC72D25D96D00BE27BF /* Lecture.swift in Sources */,
				1A7E9A962D21ED8C00CBEF99 /* SettingsMainView.swift in Sources */,
				1AA40DAD2D137D5400BB311F /* TabBarController.swift in Sources */,
				1A6495CF2D2496C400EA16D2 /* ApplicationUtility.swift in Sources */,
				1A684E9A2D55708E00FBDE32 /* NewCourseTabSwitcher.swift in Sources */,
				1A4F6F0E2D41ABD200A11D11 /* LicenseInformation.swift in Sources */,
				1AA40D7A2D0FE56700BB311F /* ContentView.swift in Sources */,
				1A4F6F262D473DB500A11D11 /* ErrorLoadingView.swift in Sources */,
				1A21B9962D345EAA00A492D0 /* Trending.swift in Sources */,
				1AA40DA02D13768D00BB311F /* CustomTabBar.swift in Sources */,
				1A4F6F042D3F149300A11D11 /* PurchaseHistory.swift in Sources */,
				1A4F6F142D42F19A00A11D11 /* RateLimiter.swift in Sources */,
				1A684EA72D5C62E200FBDE32 /* FullFollowedChannels.swift in Sources */,
				1A4F6F122D42F10400A11D11 /* RateLimitPopUp.swift in Sources */,
				1A0EC3ED2D2523340098AD26 /* DeleteAccountButton.swift in Sources */,
				1AAE23A22D3CBEFF00E5DB9A /* SavedLectures.swift in Sources */,
				1A684EA02D5578C500FBDE32 /* TabResources.swift in Sources */,
				1A57F9442D5EBC310086763C /* FullSavedLectures.swift in Sources */,
				1AAE23A62D3CDBE500E5DB9A /* PlainSearchFilterPill.swift in Sources */,
				1A577AC52D25D61700BE27BF /* Course.swift in Sources */,
				1A7E9A792D149E4C00CBEF99 /* CourseView.swift in Sources */,
				1A88CF842D30719F00A9CE55 /* YoutubePlayer.swift in Sources */,
				1AA40D9E2D13711400BB311F /* CommunityFavorites.swift in Sources */,
				1A4F6F222D44453000A11D11 /* FullCourseHistory.swift in Sources */,
				1AAE23AE2D3E026D00E5DB9A /* FilterSearchResultType.swift in Sources */,
				1A5685642D29FE5A00CD3427 /* NotesController.swift in Sources */,
				1A5685792D2B395800CD3427 /* ChannelView.swift in Sources */,
				1A577ADE2D28848000BE27BF /* ExamController.swift in Sources */,
				1A4F8DF92D386F3D00F1E854 /* MyCourseController.swift in Sources */,
				1AA40DA92D137D4400BB311F /* SearchMainView.swift in Sources */,
				1A4F6F1C2D4424A400A11D11 /* FullCourseSearchResults.swift in Sources */,
				1AA40D9A2D12344F00BB311F /* CuratedCourses.swift in Sources */,
				1A56857F2D2B82C600CD3427 /* LeadingUniversities.swift in Sources */,
				1AA40D782D0FE56700BB311F /* LecturesApp.swift in Sources */,
				1A7E9A7B2D14A7AD00CBEF99 /* LectureView.swift in Sources */,
				1A4F6F0C2D41A85200A11D11 /* ReportIssues.swift in Sources */,
				1A4F6F162D441C2000A11D11 /* MyCoursesLoadingView.swift in Sources */,
				1AE7B5CF2D4D768300A601EB /* SubscriptionController.swift in Sources */,
				1A56856E2D2A4BCE00CD3427 /* ChannelCard.swift in Sources */,
				1A4F8DF02D34C65000F1E854 /* OnboardingPaywallWithFreeTrial.swift in Sources */,
				1AAE23AA2D3DABF100E5DB9A /* LectureSearchResult.swift in Sources */,
				1A5685862D2B971100CD3427 /* PDFViewer.swift in Sources */,
				1A42A7562D3C88E800C1CFB8 /* FollowedChannels.swift in Sources */,
				1A684EAB2D5DB8A200FBDE32 /* CroppedImageView.swift in Sources */,
				1A684EA32D5584A700FBDE32 /* ChannelInfo.swift in Sources */,
				1AE7B5B92D4C2C6B00A601EB /* ResourceNativeView.swift in Sources */,
				1A684E962D556A7900FBDE32 /* NewCourse.swift in Sources */,
				1A4F6EFF2D3E269E00A11D11 /* CategoryFilterPill.swift in Sources */,
				1A7C33A02D3898D40009647E /* WatchedCourseCard.swift in Sources */,
				1A21B98F2D34534C00A492D0 /* Collection.swift in Sources */,
				1AA40D8D2D121C8000BB311F /* HomeMainView.swift in Sources */,
				1A684E9C2D5571DF00FBDE32 /* TabLectures.swift in Sources */,
				1A4F6F182D441C7200A11D11 /* SearchLoadingView.swift in Sources */,
				1A577AE72D288EC400BE27BF /* ExamAnswerController.swift in Sources */,
				1A4F6F062D3F153F00A11D11 /* Appearance.swift in Sources */,
				1AAE23AC2D3DD90800E5DB9A /* ChannelSearchResult.swift in Sources */,
				1A5685842D2B96E800CD3427 /* ResourceView.swift in Sources */,
				1A577AC92D25DABE00BE27BF /* HomeController.swift in Sources */,
				1A57F9482D5FFDBD0086763C /* FetchButton.swift in Sources */,
				1A4F6F202D4424BE00A11D11 /* FullLecturSearchResults.swift in Sources */,
				1A4F6F0A2D41A60700A11D11 /* FAQ.swift in Sources */,
				1A56856A2D2A1FBB00CD3427 /* Channel.swift in Sources */,
				1A4F8DF72D386DC800F1E854 /* WatchHistory.swift in Sources */,
				1A4F6F1E2D4424AF00A11D11 /* FullChannelSearchResults.swift in Sources */,
			);
			runOnlyForDeploymentPostprocessing = 0;
		};
/* End PBXSourcesBuildPhase section */

/* Begin XCBuildConfiguration section */
		1AA40D812D0FE56A00BB311F /* Debug */ = {
			isa = XCBuildConfiguration;
			buildSettings = {
				ALWAYS_SEARCH_USER_PATHS = NO;
				ASSETCATALOG_COMPILER_GENERATE_SWIFT_ASSET_SYMBOL_EXTENSIONS = YES;
				CLANG_ANALYZER_NONNULL = YES;
				CLANG_ANALYZER_NUMBER_OBJECT_CONVERSION = YES_AGGRESSIVE;
				CLANG_CXX_LANGUAGE_STANDARD = "gnu++20";
				CLANG_ENABLE_MODULES = YES;
				CLANG_ENABLE_OBJC_ARC = YES;
				CLANG_ENABLE_OBJC_WEAK = YES;
				CLANG_WARN_BLOCK_CAPTURE_AUTORELEASING = YES;
				CLANG_WARN_BOOL_CONVERSION = YES;
				CLANG_WARN_COMMA = YES;
				CLANG_WARN_CONSTANT_CONVERSION = YES;
				CLANG_WARN_DEPRECATED_OBJC_IMPLEMENTATIONS = YES;
				CLANG_WARN_DIRECT_OBJC_ISA_USAGE = YES_ERROR;
				CLANG_WARN_DOCUMENTATION_COMMENTS = YES;
				CLANG_WARN_EMPTY_BODY = YES;
				CLANG_WARN_ENUM_CONVERSION = YES;
				CLANG_WARN_INFINITE_RECURSION = YES;
				CLANG_WARN_INT_CONVERSION = YES;
				CLANG_WARN_NON_LITERAL_NULL_CONVERSION = YES;
				CLANG_WARN_OBJC_IMPLICIT_RETAIN_SELF = YES;
				CLANG_WARN_OBJC_LITERAL_CONVERSION = YES;
				CLANG_WARN_OBJC_ROOT_CLASS = YES_ERROR;
				CLANG_WARN_QUOTED_INCLUDE_IN_FRAMEWORK_HEADER = YES;
				CLANG_WARN_RANGE_LOOP_ANALYSIS = YES;
				CLANG_WARN_STRICT_PROTOTYPES = YES;
				CLANG_WARN_SUSPICIOUS_MOVE = YES;
				CLANG_WARN_UNGUARDED_AVAILABILITY = YES_AGGRESSIVE;
				CLANG_WARN_UNREACHABLE_CODE = YES;
				CLANG_WARN__DUPLICATE_METHOD_MATCH = YES;
				COPY_PHASE_STRIP = NO;
				DEBUG_INFORMATION_FORMAT = dwarf;
				ENABLE_STRICT_OBJC_MSGSEND = YES;
				ENABLE_TESTABILITY = YES;
				ENABLE_USER_SCRIPT_SANDBOXING = YES;
				GCC_C_LANGUAGE_STANDARD = gnu17;
				GCC_DYNAMIC_NO_PIC = NO;
				GCC_NO_COMMON_BLOCKS = YES;
				GCC_OPTIMIZATION_LEVEL = 0;
				GCC_PREPROCESSOR_DEFINITIONS = (
					"DEBUG=1",
					"$(inherited)",
				);
				GCC_WARN_64_TO_32_BIT_CONVERSION = YES;
				GCC_WARN_ABOUT_RETURN_TYPE = YES_ERROR;
				GCC_WARN_UNDECLARED_SELECTOR = YES;
				GCC_WARN_UNINITIALIZED_AUTOS = YES_AGGRESSIVE;
				GCC_WARN_UNUSED_FUNCTION = YES;
				GCC_WARN_UNUSED_VARIABLE = YES;
				LOCALIZATION_PREFERS_STRING_CATALOGS = YES;
				MTL_ENABLE_DEBUG_INFO = INCLUDE_SOURCE;
				MTL_FAST_MATH = YES;
				ONLY_ACTIVE_ARCH = YES;
				SWIFT_ACTIVE_COMPILATION_CONDITIONS = "DEBUG $(inherited)";
				SWIFT_OPTIMIZATION_LEVEL = "-Onone";
			};
			name = Debug;
		};
		1AA40D822D0FE56A00BB311F /* Release */ = {
			isa = XCBuildConfiguration;
			buildSettings = {
				ALWAYS_SEARCH_USER_PATHS = NO;
				ASSETCATALOG_COMPILER_GENERATE_SWIFT_ASSET_SYMBOL_EXTENSIONS = YES;
				CLANG_ANALYZER_NONNULL = YES;
				CLANG_ANALYZER_NUMBER_OBJECT_CONVERSION = YES_AGGRESSIVE;
				CLANG_CXX_LANGUAGE_STANDARD = "gnu++20";
				CLANG_ENABLE_MODULES = YES;
				CLANG_ENABLE_OBJC_ARC = YES;
				CLANG_ENABLE_OBJC_WEAK = YES;
				CLANG_WARN_BLOCK_CAPTURE_AUTORELEASING = YES;
				CLANG_WARN_BOOL_CONVERSION = YES;
				CLANG_WARN_COMMA = YES;
				CLANG_WARN_CONSTANT_CONVERSION = YES;
				CLANG_WARN_DEPRECATED_OBJC_IMPLEMENTATIONS = YES;
				CLANG_WARN_DIRECT_OBJC_ISA_USAGE = YES_ERROR;
				CLANG_WARN_DOCUMENTATION_COMMENTS = YES;
				CLANG_WARN_EMPTY_BODY = YES;
				CLANG_WARN_ENUM_CONVERSION = YES;
				CLANG_WARN_INFINITE_RECURSION = YES;
				CLANG_WARN_INT_CONVERSION = YES;
				CLANG_WARN_NON_LITERAL_NULL_CONVERSION = YES;
				CLANG_WARN_OBJC_IMPLICIT_RETAIN_SELF = YES;
				CLANG_WARN_OBJC_LITERAL_CONVERSION = YES;
				CLANG_WARN_OBJC_ROOT_CLASS = YES_ERROR;
				CLANG_WARN_QUOTED_INCLUDE_IN_FRAMEWORK_HEADER = YES;
				CLANG_WARN_RANGE_LOOP_ANALYSIS = YES;
				CLANG_WARN_STRICT_PROTOTYPES = YES;
				CLANG_WARN_SUSPICIOUS_MOVE = YES;
				CLANG_WARN_UNGUARDED_AVAILABILITY = YES_AGGRESSIVE;
				CLANG_WARN_UNREACHABLE_CODE = YES;
				CLANG_WARN__DUPLICATE_METHOD_MATCH = YES;
				COPY_PHASE_STRIP = NO;
				DEBUG_INFORMATION_FORMAT = "dwarf-with-dsym";
				ENABLE_NS_ASSERTIONS = NO;
				ENABLE_STRICT_OBJC_MSGSEND = YES;
				ENABLE_USER_SCRIPT_SANDBOXING = YES;
				GCC_C_LANGUAGE_STANDARD = gnu17;
				GCC_NO_COMMON_BLOCKS = YES;
				GCC_WARN_64_TO_32_BIT_CONVERSION = YES;
				GCC_WARN_ABOUT_RETURN_TYPE = YES_ERROR;
				GCC_WARN_UNDECLARED_SELECTOR = YES;
				GCC_WARN_UNINITIALIZED_AUTOS = YES_AGGRESSIVE;
				GCC_WARN_UNUSED_FUNCTION = YES;
				GCC_WARN_UNUSED_VARIABLE = YES;
				LOCALIZATION_PREFERS_STRING_CATALOGS = YES;
				MTL_ENABLE_DEBUG_INFO = NO;
				MTL_FAST_MATH = YES;
				SWIFT_COMPILATION_MODE = wholemodule;
			};
			name = Release;
		};
		1AA40D842D0FE56A00BB311F /* Debug */ = {
			isa = XCBuildConfiguration;
			buildSettings = {
				ASSETCATALOG_COMPILER_APPICON_NAME = AppIcon;
				ASSETCATALOG_COMPILER_GLOBAL_ACCENT_COLOR_NAME = AccentColor;
				CODE_SIGN_ENTITLEMENTS = Lectures/Lectures.entitlements;
				CODE_SIGN_STYLE = Automatic;
				CURRENT_PROJECT_VERSION = 1;
				DEVELOPMENT_ASSET_PATHS = "\"Lectures/Preview Content\"";
				DEVELOPMENT_TEAM = 283L88579N;
				ENABLE_HARDENED_RUNTIME = YES;
				ENABLE_PREVIEWS = YES;
				GENERATE_INFOPLIST_FILE = YES;
				INFOPLIST_FILE = Lectures/Info.plist;
				INFOPLIST_KEY_CFBundleDisplayName = Lectura;
				INFOPLIST_KEY_LSApplicationCategoryType = "public.app-category.education";
				"INFOPLIST_KEY_UIApplicationSceneManifest_Generation[sdk=iphoneos*]" = YES;
				"INFOPLIST_KEY_UIApplicationSceneManifest_Generation[sdk=iphonesimulator*]" = YES;
				"INFOPLIST_KEY_UIApplicationSupportsIndirectInputEvents[sdk=iphoneos*]" = YES;
				"INFOPLIST_KEY_UIApplicationSupportsIndirectInputEvents[sdk=iphonesimulator*]" = YES;
				"INFOPLIST_KEY_UILaunchScreen_Generation[sdk=iphoneos*]" = YES;
				"INFOPLIST_KEY_UILaunchScreen_Generation[sdk=iphonesimulator*]" = YES;
				"INFOPLIST_KEY_UIStatusBarStyle[sdk=iphoneos*]" = UIStatusBarStyleDefault;
				"INFOPLIST_KEY_UIStatusBarStyle[sdk=iphonesimulator*]" = UIStatusBarStyleDefault;
				INFOPLIST_KEY_UISupportedInterfaceOrientations = UIInterfaceOrientationPortrait;
				INFOPLIST_KEY_UISupportedInterfaceOrientations_iPad = "UIInterfaceOrientationLandscapeLeft UIInterfaceOrientationLandscapeRight UIInterfaceOrientationPortrait UIInterfaceOrientationPortraitUpsideDown";
				IPHONEOS_DEPLOYMENT_TARGET = 17.5;
				LD_RUNPATH_SEARCH_PATHS = "@executable_path/Frameworks";
				"LD_RUNPATH_SEARCH_PATHS[sdk=macosx*]" = "@executable_path/../Frameworks";
				MACOSX_DEPLOYMENT_TARGET = 14.5;
				MARKETING_VERSION = 1.0;
				PRODUCT_BUNDLE_IDENTIFIER = com.bendreyer.Lectura;
				PRODUCT_NAME = "$(TARGET_NAME)";
				SDKROOT = auto;
				SUPPORTED_PLATFORMS = "iphoneos iphonesimulator macosx";
				SWIFT_EMIT_LOC_STRINGS = YES;
				SWIFT_VERSION = 5.0;
				TARGETED_DEVICE_FAMILY = "1,2";
			};
			name = Debug;
		};
		1AA40D852D0FE56A00BB311F /* Release */ = {
			isa = XCBuildConfiguration;
			buildSettings = {
				ASSETCATALOG_COMPILER_APPICON_NAME = AppIcon;
				ASSETCATALOG_COMPILER_GLOBAL_ACCENT_COLOR_NAME = AccentColor;
				CODE_SIGN_ENTITLEMENTS = Lectures/Lectures.entitlements;
				CODE_SIGN_STYLE = Automatic;
				CURRENT_PROJECT_VERSION = 1;
				DEVELOPMENT_ASSET_PATHS = "\"Lectures/Preview Content\"";
				DEVELOPMENT_TEAM = 283L88579N;
				ENABLE_HARDENED_RUNTIME = YES;
				ENABLE_PREVIEWS = YES;
				GENERATE_INFOPLIST_FILE = YES;
				INFOPLIST_FILE = Lectures/Info.plist;
				INFOPLIST_KEY_CFBundleDisplayName = Lectura;
				INFOPLIST_KEY_LSApplicationCategoryType = "public.app-category.education";
				"INFOPLIST_KEY_UIApplicationSceneManifest_Generation[sdk=iphoneos*]" = YES;
				"INFOPLIST_KEY_UIApplicationSceneManifest_Generation[sdk=iphonesimulator*]" = YES;
				"INFOPLIST_KEY_UIApplicationSupportsIndirectInputEvents[sdk=iphoneos*]" = YES;
				"INFOPLIST_KEY_UIApplicationSupportsIndirectInputEvents[sdk=iphonesimulator*]" = YES;
				"INFOPLIST_KEY_UILaunchScreen_Generation[sdk=iphoneos*]" = YES;
				"INFOPLIST_KEY_UILaunchScreen_Generation[sdk=iphonesimulator*]" = YES;
				"INFOPLIST_KEY_UIStatusBarStyle[sdk=iphoneos*]" = UIStatusBarStyleDefault;
				"INFOPLIST_KEY_UIStatusBarStyle[sdk=iphonesimulator*]" = UIStatusBarStyleDefault;
				INFOPLIST_KEY_UISupportedInterfaceOrientations = UIInterfaceOrientationPortrait;
				INFOPLIST_KEY_UISupportedInterfaceOrientations_iPad = "UIInterfaceOrientationLandscapeLeft UIInterfaceOrientationLandscapeRight UIInterfaceOrientationPortrait UIInterfaceOrientationPortraitUpsideDown";
				IPHONEOS_DEPLOYMENT_TARGET = 17.5;
				LD_RUNPATH_SEARCH_PATHS = "@executable_path/Frameworks";
				"LD_RUNPATH_SEARCH_PATHS[sdk=macosx*]" = "@executable_path/../Frameworks";
				MACOSX_DEPLOYMENT_TARGET = 14.5;
				MARKETING_VERSION = 1.0;
				PRODUCT_BUNDLE_IDENTIFIER = com.bendreyer.Lectura;
				PRODUCT_NAME = "$(TARGET_NAME)";
				SDKROOT = auto;
				SUPPORTED_PLATFORMS = "iphoneos iphonesimulator macosx";
				SWIFT_EMIT_LOC_STRINGS = YES;
				SWIFT_VERSION = 5.0;
				TARGETED_DEVICE_FAMILY = "1,2";
			};
			name = Release;
		};
/* End XCBuildConfiguration section */

/* Begin XCConfigurationList section */
		1AA40D6F2D0FE56700BB311F /* Build configuration list for PBXProject "Lectures" */ = {
			isa = XCConfigurationList;
			buildConfigurations = (
				1AA40D812D0FE56A00BB311F /* Debug */,
				1AA40D822D0FE56A00BB311F /* Release */,
			);
			defaultConfigurationIsVisible = 0;
			defaultConfigurationName = Release;
		};
		1AA40D832D0FE56A00BB311F /* Build configuration list for PBXNativeTarget "Lectures" */ = {
			isa = XCConfigurationList;
			buildConfigurations = (
				1AA40D842D0FE56A00BB311F /* Debug */,
				1AA40D852D0FE56A00BB311F /* Release */,
			);
			defaultConfigurationIsVisible = 0;
			defaultConfigurationName = Release;
		};
/* End XCConfigurationList section */

/* Begin XCRemoteSwiftPackageReference section */
		1A21B9802D30745400A492D0 /* XCRemoteSwiftPackageReference "YouTubePlayerKit" */ = {
			isa = XCRemoteSwiftPackageReference;
			repositoryURL = "https://github.com/SvenTiigi/YouTubePlayerKit";
			requirement = {
				kind = upToNextMajorVersion;
				minimumVersion = 1.9.0;
			};
		};
		1A6495C92D2495ED00EA16D2 /* XCRemoteSwiftPackageReference "GoogleSignIn-iOS" */ = {
			isa = XCRemoteSwiftPackageReference;
			repositoryURL = "https://github.com/google/GoogleSignIn-iOS";
			requirement = {
				kind = upToNextMajorVersion;
				minimumVersion = 8.0.0;
			};
		};
		1A7E9AA52D2244B400CBEF99 /* XCRemoteSwiftPackageReference "firebase-ios-sdk" */ = {
			isa = XCRemoteSwiftPackageReference;
			repositoryURL = "https://github.com/firebase/firebase-ios-sdk";
			requirement = {
				kind = upToNextMajorVersion;
				minimumVersion = 11.6.0;
			};
		};
		1AE7B5BA2D4C907700A601EB /* XCRemoteSwiftPackageReference "purchases-ios-spm" */ = {
			isa = XCRemoteSwiftPackageReference;
			repositoryURL = "https://github.com/RevenueCat/purchases-ios-spm.git";
			requirement = {
				kind = upToNextMajorVersion;
				minimumVersion = 5.0.0;
			};
		};
/* End XCRemoteSwiftPackageReference section */

/* Begin XCSwiftPackageProductDependency section */
		1A21B9812D30745400A492D0 /* YouTubePlayerKit */ = {
			isa = XCSwiftPackageProductDependency;
			package = 1A21B9802D30745400A492D0 /* XCRemoteSwiftPackageReference "YouTubePlayerKit" */;
			productName = YouTubePlayerKit;
		};
		1A6495CA2D2495ED00EA16D2 /* GoogleSignIn */ = {
			isa = XCSwiftPackageProductDependency;
			package = 1A6495C92D2495ED00EA16D2 /* XCRemoteSwiftPackageReference "GoogleSignIn-iOS" */;
			productName = GoogleSignIn;
		};
		1A6495CC2D2495ED00EA16D2 /* GoogleSignInSwift */ = {
			isa = XCSwiftPackageProductDependency;
			package = 1A6495C92D2495ED00EA16D2 /* XCRemoteSwiftPackageReference "GoogleSignIn-iOS" */;
			productName = GoogleSignInSwift;
		};
		1A7E9AA62D2244B400CBEF99 /* FirebaseAuth */ = {
			isa = XCSwiftPackageProductDependency;
			package = 1A7E9AA52D2244B400CBEF99 /* XCRemoteSwiftPackageReference "firebase-ios-sdk" */;
			productName = FirebaseAuth;
		};
		1A7E9AA82D2244B400CBEF99 /* FirebaseFirestore */ = {
			isa = XCSwiftPackageProductDependency;
			package = 1A7E9AA52D2244B400CBEF99 /* XCRemoteSwiftPackageReference "firebase-ios-sdk" */;
			productName = FirebaseFirestore;
		};
		1A7E9AAA2D2244B400CBEF99 /* FirebaseStorage */ = {
			isa = XCSwiftPackageProductDependency;
			package = 1A7E9AA52D2244B400CBEF99 /* XCRemoteSwiftPackageReference "firebase-ios-sdk" */;
			productName = FirebaseStorage;
		};
		1A7E9AAC2D22451400CBEF99 /* FirebaseCore */ = {
			isa = XCSwiftPackageProductDependency;
			package = 1A7E9AA52D2244B400CBEF99 /* XCRemoteSwiftPackageReference "firebase-ios-sdk" */;
			productName = FirebaseCore;
		};
		1AE7B5BB2D4C907700A601EB /* RevenueCat */ = {
			isa = XCSwiftPackageProductDependency;
			package = 1AE7B5BA2D4C907700A601EB /* XCRemoteSwiftPackageReference "purchases-ios-spm" */;
			productName = RevenueCat;
		};
		1AE7B5BD2D4C907700A601EB /* RevenueCatUI */ = {
			isa = XCSwiftPackageProductDependency;
			package = 1AE7B5BA2D4C907700A601EB /* XCRemoteSwiftPackageReference "purchases-ios-spm" */;
			productName = RevenueCatUI;
		};
/* End XCSwiftPackageProductDependency section */
	};
	rootObject = 1AA40D6C2D0FE56700BB311F /* Project object */;
}
