// !$*UTF8*$!
{
	archiveVersion = 1;
	classes = {
	};
	objectVersion = 56;
	objects = {

/* Begin PBXBuildFile section */
		1A0EC3E02D24A42C0098AD26 /* GoogleService-Info.plist in Resources */ = {isa = PBXBuildFile; fileRef = 1A0EC3DF2D24A42C0098AD26 /* GoogleService-Info.plist */; };
		1A0EC3E52D251D250098AD26 /* MyCoursesController.swift in Sources */ = {isa = PBXBuildFile; fileRef = 1A0EC3E42D251D250098AD26 /* MyCoursesController.swift */; };
		1A0EC3E82D251FE00098AD26 /* AccountInformation.swift in Sources */ = {isa = PBXBuildFile; fileRef = 1A0EC3E72D251FE00098AD26 /* AccountInformation.swift */; };
		1A0EC3EB2D2522F20098AD26 /* SignOutButton.swift in Sources */ = {isa = PBXBuildFile; fileRef = 1A0EC3EA2D2522F20098AD26 /* SignOutButton.swift */; };
		1A0EC3ED2D2523340098AD26 /* DeleteAccountButton.swift in Sources */ = {isa = PBXBuildFile; fileRef = 1A0EC3EC2D2523340098AD26 /* DeleteAccountButton.swift */; };
		1A0EC3EF2D25CF9E0098AD26 /* UserController.swift in Sources */ = {isa = PBXBuildFile; fileRef = 1A0EC3EE2D25CF9E0098AD26 /* UserController.swift */; };
		1A5685622D29FB4D00CD3427 /* ExpandableText.swift in Sources */ = {isa = PBXBuildFile; fileRef = 1A5685612D29FB4D00CD3427 /* ExpandableText.swift */; };
		1A5685642D29FE5A00CD3427 /* NotesController.swift in Sources */ = {isa = PBXBuildFile; fileRef = 1A5685632D29FE5A00CD3427 /* NotesController.swift */; };
		1A5685662D2A048B00CD3427 /* HomeworkController.swift in Sources */ = {isa = PBXBuildFile; fileRef = 1A5685652D2A048B00CD3427 /* HomeworkController.swift */; };
		1A5685682D2A04BE00CD3427 /* HomeworkAnswersController.swift in Sources */ = {isa = PBXBuildFile; fileRef = 1A5685672D2A04BE00CD3427 /* HomeworkAnswersController.swift */; };
		1A56856A2D2A1FBB00CD3427 /* Channel.swift in Sources */ = {isa = PBXBuildFile; fileRef = 1A5685692D2A1FBB00CD3427 /* Channel.swift */; };
		1A56856C2D2A287D00CD3427 /* TopBrandView.swift in Sources */ = {isa = PBXBuildFile; fileRef = 1A56856B2D2A287D00CD3427 /* TopBrandView.swift */; };
		1A56856E2D2A4BCE00CD3427 /* ChannelCard.swift in Sources */ = {isa = PBXBuildFile; fileRef = 1A56856D2D2A4BCE00CD3427 /* ChannelCard.swift */; };
		1A5685792D2B395800CD3427 /* ChannelView.swift in Sources */ = {isa = PBXBuildFile; fileRef = 1A5685782D2B395800CD3427 /* ChannelView.swift */; };
		1A56857B2D2B48CE00CD3427 /* CoursesByChannel.swift in Sources */ = {isa = PBXBuildFile; fileRef = 1A56857A2D2B48CE00CD3427 /* CoursesByChannel.swift */; };
		1A56857D2D2B4F5E00CD3427 /* CourseByChannelModule.swift in Sources */ = {isa = PBXBuildFile; fileRef = 1A56857C2D2B4F5E00CD3427 /* CourseByChannelModule.swift */; };
		1A56857F2D2B82C600CD3427 /* LeadingUniversities.swift in Sources */ = {isa = PBXBuildFile; fileRef = 1A56857E2D2B82C600CD3427 /* LeadingUniversities.swift */; };
		1A577AC52D25D61700BE27BF /* Course.swift in Sources */ = {isa = PBXBuildFile; fileRef = 1A577AC42D25D61700BE27BF /* Course.swift */; };
		1A577AC72D25D96D00BE27BF /* Lecture.swift in Sources */ = {isa = PBXBuildFile; fileRef = 1A577AC62D25D96D00BE27BF /* Lecture.swift */; };
		1A577AC92D25DABE00BE27BF /* HomeController.swift in Sources */ = {isa = PBXBuildFile; fileRef = 1A577AC82D25DABE00BE27BF /* HomeController.swift */; };
		1A577ADE2D28848000BE27BF /* ExamController.swift in Sources */ = {isa = PBXBuildFile; fileRef = 1A577ADD2D28848000BE27BF /* ExamController.swift */; };
		1A577AE02D28873100BE27BF /* ResourceChip.swift in Sources */ = {isa = PBXBuildFile; fileRef = 1A577ADF2D28873100BE27BF /* ResourceChip.swift */; };
		1A577AE22D288A9B00BE27BF /* Resource.swift in Sources */ = {isa = PBXBuildFile; fileRef = 1A577AE12D288A9B00BE27BF /* Resource.swift */; };
		1A577AE52D288BF900BE27BF /* ResourceView.swift in Sources */ = {isa = PBXBuildFile; fileRef = 1A577AE42D288BF900BE27BF /* ResourceView.swift */; };
		1A577AE72D288EC400BE27BF /* ExamAnswerController.swift in Sources */ = {isa = PBXBuildFile; fileRef = 1A577AE62D288EC400BE27BF /* ExamAnswerController.swift */; };
		1A577AE92D28A14300BE27BF /* LectureInCourseModule.swift in Sources */ = {isa = PBXBuildFile; fileRef = 1A577AE82D28A14300BE27BF /* LectureInCourseModule.swift */; };
		1A6495C82D24949100EA16D2 /* AuthController.swift in Sources */ = {isa = PBXBuildFile; fileRef = 1A6495C72D24949000EA16D2 /* AuthController.swift */; };
		1A6495CB2D2495ED00EA16D2 /* GoogleSignIn in Frameworks */ = {isa = PBXBuildFile; productRef = 1A6495CA2D2495ED00EA16D2 /* GoogleSignIn */; };
		1A6495CD2D2495ED00EA16D2 /* GoogleSignInSwift in Frameworks */ = {isa = PBXBuildFile; productRef = 1A6495CC2D2495ED00EA16D2 /* GoogleSignInSwift */; };
		1A6495CF2D2496C400EA16D2 /* ApplicationUtility.swift in Sources */ = {isa = PBXBuildFile; fileRef = 1A6495CE2D2496C400EA16D2 /* ApplicationUtility.swift */; };
		1A7E9A792D149E4C00CBEF99 /* CourseView.swift in Sources */ = {isa = PBXBuildFile; fileRef = 1A7E9A782D149E4C00CBEF99 /* CourseView.swift */; };
		1A7E9A7B2D14A7AD00CBEF99 /* LectureView.swift in Sources */ = {isa = PBXBuildFile; fileRef = 1A7E9A7A2D14A7AD00CBEF99 /* LectureView.swift */; };
		1A7E9A802D1901EA00CBEF99 /* MoreLecturesInSameCourseModule.swift in Sources */ = {isa = PBXBuildFile; fileRef = 1A7E9A7F2D1901EA00CBEF99 /* MoreLecturesInSameCourseModule.swift */; };
		1A7E9A832D208DE900CBEF99 /* SearchBarWithFilters.swift in Sources */ = {isa = PBXBuildFile; fileRef = 1A7E9A822D208DE900CBEF99 /* SearchBarWithFilters.swift */; };
		1A7E9A852D20915B00CBEF99 /* SearchedCourse.swift in Sources */ = {isa = PBXBuildFile; fileRef = 1A7E9A842D20915A00CBEF99 /* SearchedCourse.swift */; };
		1A7E9A882D20964700CBEF99 /* LecturesInCourse.swift in Sources */ = {isa = PBXBuildFile; fileRef = 1A7E9A872D20964700CBEF99 /* LecturesInCourse.swift */; };
		1A7E9A8A2D21DC1300CBEF99 /* CourseCardView.swift in Sources */ = {isa = PBXBuildFile; fileRef = 1A7E9A892D21DC1300CBEF99 /* CourseCardView.swift */; };
		1A7E9A8C2D21DDF300CBEF99 /* CuratedCoursesFullList.swift in Sources */ = {isa = PBXBuildFile; fileRef = 1A7E9A8B2D21DDF300CBEF99 /* CuratedCoursesFullList.swift */; };
		1A7E9A8E2D21E66800CBEF99 /* CommunityFavoritesFullList.swift in Sources */ = {isa = PBXBuildFile; fileRef = 1A7E9A8D2D21E66800CBEF99 /* CommunityFavoritesFullList.swift */; };
		1A7E9A902D21E68B00CBEF99 /* CategoryCourseList.swift in Sources */ = {isa = PBXBuildFile; fileRef = 1A7E9A8F2D21E68B00CBEF99 /* CategoryCourseList.swift */; };
		1A7E9A962D21ED8C00CBEF99 /* SettingsMainView.swift in Sources */ = {isa = PBXBuildFile; fileRef = 1A7E9A952D21ED8C00CBEF99 /* SettingsMainView.swift */; };
		1A7E9A982D21F69100CBEF99 /* WatchedCourses.swift in Sources */ = {isa = PBXBuildFile; fileRef = 1A7E9A972D21F69100CBEF99 /* WatchedCourses.swift */; };
		1A7E9A9A2D21F69E00CBEF99 /* LikedCourses.swift in Sources */ = {isa = PBXBuildFile; fileRef = 1A7E9A992D21F69E00CBEF99 /* LikedCourses.swift */; };
		1A7E9A9C2D21F6A700CBEF99 /* RecommendedCourses.swift in Sources */ = {isa = PBXBuildFile; fileRef = 1A7E9A9B2D21F6A700CBEF99 /* RecommendedCourses.swift */; };
		1A7E9AA72D2244B400CBEF99 /* FirebaseAuth in Frameworks */ = {isa = PBXBuildFile; productRef = 1A7E9AA62D2244B400CBEF99 /* FirebaseAuth */; };
		1A7E9AA92D2244B400CBEF99 /* FirebaseFirestore in Frameworks */ = {isa = PBXBuildFile; productRef = 1A7E9AA82D2244B400CBEF99 /* FirebaseFirestore */; };
		1A7E9AAB2D2244B400CBEF99 /* FirebaseStorage in Frameworks */ = {isa = PBXBuildFile; productRef = 1A7E9AAA2D2244B400CBEF99 /* FirebaseStorage */; };
		1A7E9AAD2D22451400CBEF99 /* FirebaseCore in Frameworks */ = {isa = PBXBuildFile; productRef = 1A7E9AAC2D22451400CBEF99 /* FirebaseCore */; };
		1A7E9AB02D2376BF00CBEF99 /* SignUpOrInOutsideOfPaywall.swift in Sources */ = {isa = PBXBuildFile; fileRef = 1A7E9AAF2D2376BF00CBEF99 /* SignUpOrInOutsideOfPaywall.swift */; };
		1A7E9AB42D237A3600CBEF99 /* User.swift in Sources */ = {isa = PBXBuildFile; fileRef = 1A7E9AB32D237A3600CBEF99 /* User.swift */; };
		1A7E9AB62D23CE4300CBEF99 /* Paywall.swift in Sources */ = {isa = PBXBuildFile; fileRef = 1A7E9AB52D23CE4300CBEF99 /* Paywall.swift */; };
		1A7E9AB92D24921000CBEF99 /* SignInWithApple.swift in Sources */ = {isa = PBXBuildFile; fileRef = 1A7E9AB82D24921000CBEF99 /* SignInWithApple.swift */; };
		1A7E9ABB2D24923600CBEF99 /* SignInWithGoogle.swift in Sources */ = {isa = PBXBuildFile; fileRef = 1A7E9ABA2D24923500CBEF99 /* SignInWithGoogle.swift */; };
		1AA40D782D0FE56700BB311F /* LecturesApp.swift in Sources */ = {isa = PBXBuildFile; fileRef = 1AA40D772D0FE56700BB311F /* LecturesApp.swift */; };
		1AA40D7A2D0FE56700BB311F /* ContentView.swift in Sources */ = {isa = PBXBuildFile; fileRef = 1AA40D792D0FE56700BB311F /* ContentView.swift */; };
		1AA40D7C2D0FE56A00BB311F /* Assets.xcassets in Resources */ = {isa = PBXBuildFile; fileRef = 1AA40D7B2D0FE56A00BB311F /* Assets.xcassets */; };
		1AA40D802D0FE56A00BB311F /* Preview Assets.xcassets in Resources */ = {isa = PBXBuildFile; fileRef = 1AA40D7F2D0FE56A00BB311F /* Preview Assets.xcassets */; };
		1AA40D8D2D121C8000BB311F /* HomeMainView.swift in Sources */ = {isa = PBXBuildFile; fileRef = 1AA40D8C2D121C8000BB311F /* HomeMainView.swift */; };
		1AA40D922D12258A00BB311F /* PreviouslyWatchedLectureCard.swift in Sources */ = {isa = PBXBuildFile; fileRef = 1AA40D912D12258A00BB311F /* PreviouslyWatchedLectureCard.swift */; };
		1AA40D942D1225D600BB311F /* ContinueLearningCourseList.swift in Sources */ = {isa = PBXBuildFile; fileRef = 1AA40D932D1225D600BB311F /* ContinueLearningCourseList.swift */; };
		1AA40D962D12286700BB311F /* HomeSearch.swift in Sources */ = {isa = PBXBuildFile; fileRef = 1AA40D952D12286700BB311F /* HomeSearch.swift */; };
		1AA40D982D12314E00BB311F /* Categories.swift in Sources */ = {isa = PBXBuildFile; fileRef = 1AA40D972D12314E00BB311F /* Categories.swift */; };
		1AA40D9A2D12344F00BB311F /* CuratedCourses.swift in Sources */ = {isa = PBXBuildFile; fileRef = 1AA40D992D12344F00BB311F /* CuratedCourses.swift */; };
		1AA40D9E2D13711400BB311F /* CommunityFavorites.swift in Sources */ = {isa = PBXBuildFile; fileRef = 1AA40D9D2D13711400BB311F /* CommunityFavorites.swift */; };
		1AA40DA02D13768D00BB311F /* CustomTabBar.swift in Sources */ = {isa = PBXBuildFile; fileRef = 1AA40D9F2D13768D00BB311F /* CustomTabBar.swift */; };
		1AA40DA72D137D3D00BB311F /* MyCoursesMainView.swift in Sources */ = {isa = PBXBuildFile; fileRef = 1AA40DA62D137D3D00BB311F /* MyCoursesMainView.swift */; };
		1AA40DA92D137D4400BB311F /* SearchMainView.swift in Sources */ = {isa = PBXBuildFile; fileRef = 1AA40DA82D137D4400BB311F /* SearchMainView.swift */; };
		1AA40DAD2D137D5400BB311F /* TabBarController.swift in Sources */ = {isa = PBXBuildFile; fileRef = 1AA40DAC2D137D5400BB311F /* TabBarController.swift */; };
/* End PBXBuildFile section */

/* Begin PBXFileReference section */
		1A0EC3DF2D24A42C0098AD26 /* GoogleService-Info.plist */ = {isa = PBXFileReference; lastKnownFileType = text.plist.xml; path = "GoogleService-Info.plist"; sourceTree = "<group>"; };
		1A0EC3E12D24A7840098AD26 /* Info.plist */ = {isa = PBXFileReference; lastKnownFileType = text.plist; path = Info.plist; sourceTree = "<group>"; };
		1A0EC3E42D251D250098AD26 /* MyCoursesController.swift */ = {isa = PBXFileReference; lastKnownFileType = sourcecode.swift; path = MyCoursesController.swift; sourceTree = "<group>"; };
		1A0EC3E72D251FE00098AD26 /* AccountInformation.swift */ = {isa = PBXFileReference; lastKnownFileType = sourcecode.swift; path = AccountInformation.swift; sourceTree = "<group>"; };
		1A0EC3EA2D2522F20098AD26 /* SignOutButton.swift */ = {isa = PBXFileReference; lastKnownFileType = sourcecode.swift; path = SignOutButton.swift; sourceTree = "<group>"; };
		1A0EC3EC2D2523340098AD26 /* DeleteAccountButton.swift */ = {isa = PBXFileReference; lastKnownFileType = sourcecode.swift; path = DeleteAccountButton.swift; sourceTree = "<group>"; };
		1A0EC3EE2D25CF9E0098AD26 /* UserController.swift */ = {isa = PBXFileReference; lastKnownFileType = sourcecode.swift; path = UserController.swift; sourceTree = "<group>"; };
		1A5685612D29FB4D00CD3427 /* ExpandableText.swift */ = {isa = PBXFileReference; lastKnownFileType = sourcecode.swift; path = ExpandableText.swift; sourceTree = "<group>"; };
		1A5685632D29FE5A00CD3427 /* NotesController.swift */ = {isa = PBXFileReference; lastKnownFileType = sourcecode.swift; path = NotesController.swift; sourceTree = "<group>"; };
		1A5685652D2A048B00CD3427 /* HomeworkController.swift */ = {isa = PBXFileReference; lastKnownFileType = sourcecode.swift; path = HomeworkController.swift; sourceTree = "<group>"; };
		1A5685672D2A04BE00CD3427 /* HomeworkAnswersController.swift */ = {isa = PBXFileReference; lastKnownFileType = sourcecode.swift; path = HomeworkAnswersController.swift; sourceTree = "<group>"; };
		1A5685692D2A1FBB00CD3427 /* Channel.swift */ = {isa = PBXFileReference; lastKnownFileType = sourcecode.swift; path = Channel.swift; sourceTree = "<group>"; };
		1A56856B2D2A287D00CD3427 /* TopBrandView.swift */ = {isa = PBXFileReference; lastKnownFileType = sourcecode.swift; path = TopBrandView.swift; sourceTree = "<group>"; };
		1A56856D2D2A4BCE00CD3427 /* ChannelCard.swift */ = {isa = PBXFileReference; lastKnownFileType = sourcecode.swift; path = ChannelCard.swift; sourceTree = "<group>"; };
		1A5685782D2B395800CD3427 /* ChannelView.swift */ = {isa = PBXFileReference; lastKnownFileType = sourcecode.swift; path = ChannelView.swift; sourceTree = "<group>"; };
		1A56857A2D2B48CE00CD3427 /* CoursesByChannel.swift */ = {isa = PBXFileReference; lastKnownFileType = sourcecode.swift; path = CoursesByChannel.swift; sourceTree = "<group>"; };
		1A56857C2D2B4F5E00CD3427 /* CourseByChannelModule.swift */ = {isa = PBXFileReference; lastKnownFileType = sourcecode.swift; path = CourseByChannelModule.swift; sourceTree = "<group>"; };
		1A56857E2D2B82C600CD3427 /* LeadingUniversities.swift */ = {isa = PBXFileReference; lastKnownFileType = sourcecode.swift; path = LeadingUniversities.swift; sourceTree = "<group>"; };
		1A577AC42D25D61700BE27BF /* Course.swift */ = {isa = PBXFileReference; lastKnownFileType = sourcecode.swift; path = Course.swift; sourceTree = "<group>"; };
		1A577AC62D25D96D00BE27BF /* Lecture.swift */ = {isa = PBXFileReference; lastKnownFileType = sourcecode.swift; path = Lecture.swift; sourceTree = "<group>"; };
		1A577AC82D25DABE00BE27BF /* HomeController.swift */ = {isa = PBXFileReference; lastKnownFileType = sourcecode.swift; path = HomeController.swift; sourceTree = "<group>"; };
		1A577ADD2D28848000BE27BF /* ExamController.swift */ = {isa = PBXFileReference; lastKnownFileType = sourcecode.swift; path = ExamController.swift; sourceTree = "<group>"; };
		1A577ADF2D28873100BE27BF /* ResourceChip.swift */ = {isa = PBXFileReference; lastKnownFileType = sourcecode.swift; path = ResourceChip.swift; sourceTree = "<group>"; };
		1A577AE12D288A9B00BE27BF /* Resource.swift */ = {isa = PBXFileReference; lastKnownFileType = sourcecode.swift; path = Resource.swift; sourceTree = "<group>"; };
		1A577AE42D288BF900BE27BF /* ResourceView.swift */ = {isa = PBXFileReference; lastKnownFileType = sourcecode.swift; path = ResourceView.swift; sourceTree = "<group>"; };
		1A577AE62D288EC400BE27BF /* ExamAnswerController.swift */ = {isa = PBXFileReference; lastKnownFileType = sourcecode.swift; path = ExamAnswerController.swift; sourceTree = "<group>"; };
		1A577AE82D28A14300BE27BF /* LectureInCourseModule.swift */ = {isa = PBXFileReference; lastKnownFileType = sourcecode.swift; path = LectureInCourseModule.swift; sourceTree = "<group>"; };
		1A6495C72D24949000EA16D2 /* AuthController.swift */ = {isa = PBXFileReference; lastKnownFileType = sourcecode.swift; path = AuthController.swift; sourceTree = "<group>"; };
		1A6495CE2D2496C400EA16D2 /* ApplicationUtility.swift */ = {isa = PBXFileReference; lastKnownFileType = sourcecode.swift; path = ApplicationUtility.swift; sourceTree = "<group>"; };
		1A7E9A782D149E4C00CBEF99 /* CourseView.swift */ = {isa = PBXFileReference; lastKnownFileType = sourcecode.swift; path = CourseView.swift; sourceTree = "<group>"; };
		1A7E9A7A2D14A7AD00CBEF99 /* LectureView.swift */ = {isa = PBXFileReference; lastKnownFileType = sourcecode.swift; path = LectureView.swift; sourceTree = "<group>"; };
		1A7E9A7F2D1901EA00CBEF99 /* MoreLecturesInSameCourseModule.swift */ = {isa = PBXFileReference; lastKnownFileType = sourcecode.swift; path = MoreLecturesInSameCourseModule.swift; sourceTree = "<group>"; };
		1A7E9A822D208DE900CBEF99 /* SearchBarWithFilters.swift */ = {isa = PBXFileReference; lastKnownFileType = sourcecode.swift; path = SearchBarWithFilters.swift; sourceTree = "<group>"; };
		1A7E9A842D20915A00CBEF99 /* SearchedCourse.swift */ = {isa = PBXFileReference; lastKnownFileType = sourcecode.swift; path = SearchedCourse.swift; sourceTree = "<group>"; };
		1A7E9A872D20964700CBEF99 /* LecturesInCourse.swift */ = {isa = PBXFileReference; lastKnownFileType = sourcecode.swift; path = LecturesInCourse.swift; sourceTree = "<group>"; };
		1A7E9A892D21DC1300CBEF99 /* CourseCardView.swift */ = {isa = PBXFileReference; lastKnownFileType = sourcecode.swift; path = CourseCardView.swift; sourceTree = "<group>"; };
		1A7E9A8B2D21DDF300CBEF99 /* CuratedCoursesFullList.swift */ = {isa = PBXFileReference; lastKnownFileType = sourcecode.swift; path = CuratedCoursesFullList.swift; sourceTree = "<group>"; };
		1A7E9A8D2D21E66800CBEF99 /* CommunityFavoritesFullList.swift */ = {isa = PBXFileReference; lastKnownFileType = sourcecode.swift; path = CommunityFavoritesFullList.swift; sourceTree = "<group>"; };
		1A7E9A8F2D21E68B00CBEF99 /* CategoryCourseList.swift */ = {isa = PBXFileReference; lastKnownFileType = sourcecode.swift; path = CategoryCourseList.swift; sourceTree = "<group>"; };
		1A7E9A952D21ED8C00CBEF99 /* SettingsMainView.swift */ = {isa = PBXFileReference; lastKnownFileType = sourcecode.swift; path = SettingsMainView.swift; sourceTree = "<group>"; };
		1A7E9A972D21F69100CBEF99 /* WatchedCourses.swift */ = {isa = PBXFileReference; lastKnownFileType = sourcecode.swift; path = WatchedCourses.swift; sourceTree = "<group>"; };
		1A7E9A992D21F69E00CBEF99 /* LikedCourses.swift */ = {isa = PBXFileReference; lastKnownFileType = sourcecode.swift; path = LikedCourses.swift; sourceTree = "<group>"; };
		1A7E9A9B2D21F6A700CBEF99 /* RecommendedCourses.swift */ = {isa = PBXFileReference; lastKnownFileType = sourcecode.swift; path = RecommendedCourses.swift; sourceTree = "<group>"; };
		1A7E9AAF2D2376BF00CBEF99 /* SignUpOrInOutsideOfPaywall.swift */ = {isa = PBXFileReference; lastKnownFileType = sourcecode.swift; path = SignUpOrInOutsideOfPaywall.swift; sourceTree = "<group>"; };
		1A7E9AB32D237A3600CBEF99 /* User.swift */ = {isa = PBXFileReference; lastKnownFileType = sourcecode.swift; path = User.swift; sourceTree = "<group>"; };
		1A7E9AB52D23CE4300CBEF99 /* Paywall.swift */ = {isa = PBXFileReference; lastKnownFileType = sourcecode.swift; path = Paywall.swift; sourceTree = "<group>"; };
		1A7E9AB82D24921000CBEF99 /* SignInWithApple.swift */ = {isa = PBXFileReference; lastKnownFileType = sourcecode.swift; path = SignInWithApple.swift; sourceTree = "<group>"; };
		1A7E9ABA2D24923500CBEF99 /* SignInWithGoogle.swift */ = {isa = PBXFileReference; lastKnownFileType = sourcecode.swift; path = SignInWithGoogle.swift; sourceTree = "<group>"; };
		1AA40D742D0FE56700BB311F /* Lectures.app */ = {isa = PBXFileReference; explicitFileType = wrapper.application; includeInIndex = 0; path = Lectures.app; sourceTree = BUILT_PRODUCTS_DIR; };
		1AA40D772D0FE56700BB311F /* LecturesApp.swift */ = {isa = PBXFileReference; lastKnownFileType = sourcecode.swift; path = LecturesApp.swift; sourceTree = "<group>"; };
		1AA40D792D0FE56700BB311F /* ContentView.swift */ = {isa = PBXFileReference; lastKnownFileType = sourcecode.swift; path = ContentView.swift; sourceTree = "<group>"; };
		1AA40D7B2D0FE56A00BB311F /* Assets.xcassets */ = {isa = PBXFileReference; lastKnownFileType = folder.assetcatalog; path = Assets.xcassets; sourceTree = "<group>"; };
		1AA40D7D2D0FE56A00BB311F /* Lectures.entitlements */ = {isa = PBXFileReference; lastKnownFileType = text.plist.entitlements; path = Lectures.entitlements; sourceTree = "<group>"; };
		1AA40D7F2D0FE56A00BB311F /* Preview Assets.xcassets */ = {isa = PBXFileReference; lastKnownFileType = folder.assetcatalog; path = "Preview Assets.xcassets"; sourceTree = "<group>"; };
		1AA40D8C2D121C8000BB311F /* HomeMainView.swift */ = {isa = PBXFileReference; lastKnownFileType = sourcecode.swift; path = HomeMainView.swift; sourceTree = "<group>"; };
		1AA40D912D12258A00BB311F /* PreviouslyWatchedLectureCard.swift */ = {isa = PBXFileReference; lastKnownFileType = sourcecode.swift; path = PreviouslyWatchedLectureCard.swift; sourceTree = "<group>"; };
		1AA40D932D1225D600BB311F /* ContinueLearningCourseList.swift */ = {isa = PBXFileReference; lastKnownFileType = sourcecode.swift; path = ContinueLearningCourseList.swift; sourceTree = "<group>"; };
		1AA40D952D12286700BB311F /* HomeSearch.swift */ = {isa = PBXFileReference; lastKnownFileType = sourcecode.swift; path = HomeSearch.swift; sourceTree = "<group>"; };
		1AA40D972D12314E00BB311F /* Categories.swift */ = {isa = PBXFileReference; lastKnownFileType = sourcecode.swift; path = Categories.swift; sourceTree = "<group>"; };
		1AA40D992D12344F00BB311F /* CuratedCourses.swift */ = {isa = PBXFileReference; lastKnownFileType = sourcecode.swift; path = CuratedCourses.swift; sourceTree = "<group>"; };
		1AA40D9D2D13711400BB311F /* CommunityFavorites.swift */ = {isa = PBXFileReference; lastKnownFileType = sourcecode.swift; path = CommunityFavorites.swift; sourceTree = "<group>"; };
		1AA40D9F2D13768D00BB311F /* CustomTabBar.swift */ = {isa = PBXFileReference; lastKnownFileType = sourcecode.swift; path = CustomTabBar.swift; sourceTree = "<group>"; };
		1AA40DA62D137D3D00BB311F /* MyCoursesMainView.swift */ = {isa = PBXFileReference; lastKnownFileType = sourcecode.swift; path = MyCoursesMainView.swift; sourceTree = "<group>"; };
		1AA40DA82D137D4400BB311F /* SearchMainView.swift */ = {isa = PBXFileReference; lastKnownFileType = sourcecode.swift; path = SearchMainView.swift; sourceTree = "<group>"; };
		1AA40DAC2D137D5400BB311F /* TabBarController.swift */ = {isa = PBXFileReference; lastKnownFileType = sourcecode.swift; path = TabBarController.swift; sourceTree = "<group>"; };
/* End PBXFileReference section */

/* Begin PBXFrameworksBuildPhase section */
		1AA40D712D0FE56700BB311F /* Frameworks */ = {
			isa = PBXFrameworksBuildPhase;
			buildActionMask = 2147483647;
			files = (
				1A6495CB2D2495ED00EA16D2 /* GoogleSignIn in Frameworks */,
				1A7E9AA72D2244B400CBEF99 /* FirebaseAuth in Frameworks */,
				1A7E9AA92D2244B400CBEF99 /* FirebaseFirestore in Frameworks */,
				1A6495CD2D2495ED00EA16D2 /* GoogleSignInSwift in Frameworks */,
				1A7E9AAD2D22451400CBEF99 /* FirebaseCore in Frameworks */,
				1A7E9AAB2D2244B400CBEF99 /* FirebaseStorage in Frameworks */,
			);
			runOnlyForDeploymentPostprocessing = 0;
		};
/* End PBXFrameworksBuildPhase section */

/* Begin PBXGroup section */
		1A0EC3E62D251FC90098AD26 /* SettingsSections */ = {
			isa = PBXGroup;
			children = (
				1A0EC3E72D251FE00098AD26 /* AccountInformation.swift */,
			);
			path = SettingsSections;
			sourceTree = "<group>";
		};
		1A0EC3E92D2522E30098AD26 /* SettingsMoudles */ = {
			isa = PBXGroup;
			children = (
				1A0EC3EA2D2522F20098AD26 /* SignOutButton.swift */,
				1A0EC3EC2D2523340098AD26 /* DeleteAccountButton.swift */,
			);
			path = SettingsMoudles;
			sourceTree = "<group>";
		};
		1A5685712D2A51B300CD3427 /* ChannelViews */ = {
			isa = PBXGroup;
			children = (
				1A56856D2D2A4BCE00CD3427 /* ChannelCard.swift */,
				1A5685782D2B395800CD3427 /* ChannelView.swift */,
				1A56857A2D2B48CE00CD3427 /* CoursesByChannel.swift */,
				1A56857C2D2B4F5E00CD3427 /* CourseByChannelModule.swift */,
			);
			path = ChannelViews;
			sourceTree = "<group>";
		};
		1A577ADC2D28846E00BE27BF /* ResourceControllers */ = {
			isa = PBXGroup;
			children = (
				1A577ADD2D28848000BE27BF /* ExamController.swift */,
				1A577AE62D288EC400BE27BF /* ExamAnswerController.swift */,
				1A5685632D29FE5A00CD3427 /* NotesController.swift */,
				1A5685652D2A048B00CD3427 /* HomeworkController.swift */,
				1A5685672D2A04BE00CD3427 /* HomeworkAnswersController.swift */,
			);
			path = ResourceControllers;
			sourceTree = "<group>";
		};
		1A577AE32D288BED00BE27BF /* ResourceViews */ = {
			isa = PBXGroup;
			children = (
				1A577AE42D288BF900BE27BF /* ResourceView.swift */,
			);
			path = ResourceViews;
			sourceTree = "<group>";
		};
		1A7E9A762D149DEE00CBEF99 /* CourseViews */ = {
			isa = PBXGroup;
			children = (
				1A7E9A862D20962F00CBEF99 /* CourseModules */,
				1A7E9A782D149E4C00CBEF99 /* CourseView.swift */,
			);
			path = CourseViews;
			sourceTree = "<group>";
		};
		1A7E9A772D149DF400CBEF99 /* LectureViews */ = {
			isa = PBXGroup;
			children = (
				1A7E9A7C2D14AE7300CBEF99 /* LectureModules */,
				1A7E9A7A2D14A7AD00CBEF99 /* LectureView.swift */,
			);
			path = LectureViews;
			sourceTree = "<group>";
		};
		1A7E9A7C2D14AE7300CBEF99 /* LectureModules */ = {
			isa = PBXGroup;
			children = (
				1A7E9A7F2D1901EA00CBEF99 /* MoreLecturesInSameCourseModule.swift */,
			);
			path = LectureModules;
			sourceTree = "<group>";
		};
		1A7E9A812D208DD200CBEF99 /* SearchModules */ = {
			isa = PBXGroup;
			children = (
				1A7E9A822D208DE900CBEF99 /* SearchBarWithFilters.swift */,
				1A7E9A842D20915A00CBEF99 /* SearchedCourse.swift */,
			);
			path = SearchModules;
			sourceTree = "<group>";
		};
		1A7E9A862D20962F00CBEF99 /* CourseModules */ = {
			isa = PBXGroup;
			children = (
				1A7E9A872D20964700CBEF99 /* LecturesInCourse.swift */,
				1A577AE82D28A14300BE27BF /* LectureInCourseModule.swift */,
				1A7E9A892D21DC1300CBEF99 /* CourseCardView.swift */,
			);
			path = CourseModules;
			sourceTree = "<group>";
		};
		1A7E9A912D21EBE000CBEF99 /* MyCoursesModules */ = {
			isa = PBXGroup;
			children = (
				1A7E9A972D21F69100CBEF99 /* WatchedCourses.swift */,
				1A7E9A992D21F69E00CBEF99 /* LikedCourses.swift */,
				1A7E9A9B2D21F6A700CBEF99 /* RecommendedCourses.swift */,
			);
			path = MyCoursesModules;
			sourceTree = "<group>";
		};
		1A7E9A942D21ED7D00CBEF99 /* Settings */ = {
			isa = PBXGroup;
			children = (
				1A0EC3E92D2522E30098AD26 /* SettingsMoudles */,
				1A0EC3E62D251FC90098AD26 /* SettingsSections */,
				1A7E9A952D21ED8C00CBEF99 /* SettingsMainView.swift */,
			);
			path = Settings;
			sourceTree = "<group>";
		};
		1A7E9AAE2D2375C100CBEF99 /* Onboarding */ = {
			isa = PBXGroup;
			children = (
				1A7E9AB72D24920000CBEF99 /* OnboardingModules */,
				1A7E9AAF2D2376BF00CBEF99 /* SignUpOrInOutsideOfPaywall.swift */,
				1A7E9AB52D23CE4300CBEF99 /* Paywall.swift */,
			);
			path = Onboarding;
			sourceTree = "<group>";
		};
		1A7E9AB72D24920000CBEF99 /* OnboardingModules */ = {
			isa = PBXGroup;
			children = (
				1A7E9AB82D24921000CBEF99 /* SignInWithApple.swift */,
				1A7E9ABA2D24923500CBEF99 /* SignInWithGoogle.swift */,
			);
			path = OnboardingModules;
			sourceTree = "<group>";
		};
		1AA40D6B2D0FE56700BB311F = {
			isa = PBXGroup;
			children = (
				1AA40D762D0FE56700BB311F /* Lectures */,
				1AA40D752D0FE56700BB311F /* Products */,
			);
			sourceTree = "<group>";
		};
		1AA40D752D0FE56700BB311F /* Products */ = {
			isa = PBXGroup;
			children = (
				1AA40D742D0FE56700BB311F /* Lectures.app */,
			);
			name = Products;
			sourceTree = "<group>";
		};
		1AA40D762D0FE56700BB311F /* Lectures */ = {
			isa = PBXGroup;
			children = (
				1A0EC3E12D24A7840098AD26 /* Info.plist */,
				1AA40D882D0FE8B400BB311F /* Controllers */,
				1AA40D872D0FE8AE00BB311F /* Models */,
				1AA40D862D0FE8A800BB311F /* Views */,
				1AA40D772D0FE56700BB311F /* LecturesApp.swift */,
				1AA40D792D0FE56700BB311F /* ContentView.swift */,
				1AA40D7B2D0FE56A00BB311F /* Assets.xcassets */,
				1AA40D7D2D0FE56A00BB311F /* Lectures.entitlements */,
				1A0EC3DF2D24A42C0098AD26 /* GoogleService-Info.plist */,
				1AA40D7E2D0FE56A00BB311F /* Preview Content */,
				1A6495CE2D2496C400EA16D2 /* ApplicationUtility.swift */,
			);
			path = Lectures;
			sourceTree = "<group>";
		};
		1AA40D7E2D0FE56A00BB311F /* Preview Content */ = {
			isa = PBXGroup;
			children = (
				1AA40D7F2D0FE56A00BB311F /* Preview Assets.xcassets */,
			);
			path = "Preview Content";
			sourceTree = "<group>";
		};
		1AA40D862D0FE8A800BB311F /* Views */ = {
			isa = PBXGroup;
			children = (
				1A7E9AAE2D2375C100CBEF99 /* Onboarding */,
				1A7E9A942D21ED7D00CBEF99 /* Settings */,
				1AA40DA42D137D2B00BB311F /* Search */,
				1AA40DA12D137D0E00BB311F /* MyCourses */,
				1AA40D8B2D121C5A00BB311F /* Home */,
				1AA40D9F2D13768D00BB311F /* CustomTabBar.swift */,
				1A56856B2D2A287D00CD3427 /* TopBrandView.swift */,
			);
			path = Views;
			sourceTree = "<group>";
		};
		1AA40D872D0FE8AE00BB311F /* Models */ = {
			isa = PBXGroup;
			children = (
				1A7E9AB32D237A3600CBEF99 /* User.swift */,
				1A577AC42D25D61700BE27BF /* Course.swift */,
				1A577AC62D25D96D00BE27BF /* Lecture.swift */,
				1A577AE12D288A9B00BE27BF /* Resource.swift */,
				1A5685692D2A1FBB00CD3427 /* Channel.swift */,
			);
			path = Models;
			sourceTree = "<group>";
		};
		1AA40D882D0FE8B400BB311F /* Controllers */ = {
			isa = PBXGroup;
			children = (
				1A577ADC2D28846E00BE27BF /* ResourceControllers */,
				1AA40DAC2D137D5400BB311F /* TabBarController.swift */,
				1A6495C72D24949000EA16D2 /* AuthController.swift */,
				1A0EC3E42D251D250098AD26 /* MyCoursesController.swift */,
				1A0EC3EE2D25CF9E0098AD26 /* UserController.swift */,
				1A577AC82D25DABE00BE27BF /* HomeController.swift */,
			);
			path = Controllers;
			sourceTree = "<group>";
		};
		1AA40D8B2D121C5A00BB311F /* Home */ = {
			isa = PBXGroup;
			children = (
				1A5685712D2A51B300CD3427 /* ChannelViews */,
				1A577AE32D288BED00BE27BF /* ResourceViews */,
				1A7E9A772D149DF400CBEF99 /* LectureViews */,
				1A7E9A762D149DEE00CBEF99 /* CourseViews */,
				1AA40D8E2D121E4D00BB311F /* HomeModules */,
				1AA40D8C2D121C8000BB311F /* HomeMainView.swift */,
				1A577ADF2D28873100BE27BF /* ResourceChip.swift */,
			);
			path = Home;
			sourceTree = "<group>";
		};
		1AA40D8E2D121E4D00BB311F /* HomeModules */ = {
			isa = PBXGroup;
			children = (
				1AA40D912D12258A00BB311F /* PreviouslyWatchedLectureCard.swift */,
				1AA40D932D1225D600BB311F /* ContinueLearningCourseList.swift */,
				1AA40D952D12286700BB311F /* HomeSearch.swift */,
				1AA40D972D12314E00BB311F /* Categories.swift */,
				1AA40D992D12344F00BB311F /* CuratedCourses.swift */,
				1AA40D9D2D13711400BB311F /* CommunityFavorites.swift */,
				1A7E9A8B2D21DDF300CBEF99 /* CuratedCoursesFullList.swift */,
				1A7E9A8D2D21E66800CBEF99 /* CommunityFavoritesFullList.swift */,
				1A7E9A8F2D21E68B00CBEF99 /* CategoryCourseList.swift */,
				1A5685612D29FB4D00CD3427 /* ExpandableText.swift */,
				1A56857E2D2B82C600CD3427 /* LeadingUniversities.swift */,
			);
			path = HomeModules;
			sourceTree = "<group>";
		};
		1AA40DA12D137D0E00BB311F /* MyCourses */ = {
			isa = PBXGroup;
			children = (
				1A7E9A912D21EBE000CBEF99 /* MyCoursesModules */,
				1AA40DA62D137D3D00BB311F /* MyCoursesMainView.swift */,
			);
			path = MyCourses;
			sourceTree = "<group>";
		};
		1AA40DA42D137D2B00BB311F /* Search */ = {
			isa = PBXGroup;
			children = (
				1A7E9A812D208DD200CBEF99 /* SearchModules */,
				1AA40DA82D137D4400BB311F /* SearchMainView.swift */,
			);
			path = Search;
			sourceTree = "<group>";
		};
/* End PBXGroup section */

/* Begin PBXNativeTarget section */
		1AA40D732D0FE56700BB311F /* Lectures */ = {
			isa = PBXNativeTarget;
			buildConfigurationList = 1AA40D832D0FE56A00BB311F /* Build configuration list for PBXNativeTarget "Lectures" */;
			buildPhases = (
				1AA40D702D0FE56700BB311F /* Sources */,
				1AA40D712D0FE56700BB311F /* Frameworks */,
				1AA40D722D0FE56700BB311F /* Resources */,
			);
			buildRules = (
			);
			dependencies = (
			);
			name = Lectures;
			packageProductDependencies = (
				1A7E9AA62D2244B400CBEF99 /* FirebaseAuth */,
				1A7E9AA82D2244B400CBEF99 /* FirebaseFirestore */,
				1A7E9AAA2D2244B400CBEF99 /* FirebaseStorage */,
				1A7E9AAC2D22451400CBEF99 /* FirebaseCore */,
				1A6495CA2D2495ED00EA16D2 /* GoogleSignIn */,
				1A6495CC2D2495ED00EA16D2 /* GoogleSignInSwift */,
			);
			productName = Lectures;
			productReference = 1AA40D742D0FE56700BB311F /* Lectures.app */;
			productType = "com.apple.product-type.application";
		};
/* End PBXNativeTarget section */

/* Begin PBXProject section */
		1AA40D6C2D0FE56700BB311F /* Project object */ = {
			isa = PBXProject;
			attributes = {
				BuildIndependentTargetsInParallel = 1;
				LastSwiftUpdateCheck = 1540;
				LastUpgradeCheck = 1540;
				TargetAttributes = {
					1AA40D732D0FE56700BB311F = {
						CreatedOnToolsVersion = 15.4;
					};
				};
			};
			buildConfigurationList = 1AA40D6F2D0FE56700BB311F /* Build configuration list for PBXProject "Lectures" */;
			compatibilityVersion = "Xcode 14.0";
			developmentRegion = en;
			hasScannedForEncodings = 0;
			knownRegions = (
				en,
				Base,
			);
			mainGroup = 1AA40D6B2D0FE56700BB311F;
			packageReferences = (
				1A7E9AA52D2244B400CBEF99 /* XCRemoteSwiftPackageReference "firebase-ios-sdk" */,
				1A6495C92D2495ED00EA16D2 /* XCRemoteSwiftPackageReference "GoogleSignIn-iOS" */,
			);
			productRefGroup = 1AA40D752D0FE56700BB311F /* Products */;
			projectDirPath = "";
			projectRoot = "";
			targets = (
				1AA40D732D0FE56700BB311F /* Lectures */,
			);
		};
/* End PBXProject section */

/* Begin PBXResourcesBuildPhase section */
		1AA40D722D0FE56700BB311F /* Resources */ = {
			isa = PBXResourcesBuildPhase;
			buildActionMask = 2147483647;
			files = (
				1AA40D802D0FE56A00BB311F /* Preview Assets.xcassets in Resources */,
				1AA40D7C2D0FE56A00BB311F /* Assets.xcassets in Resources */,
				1A0EC3E02D24A42C0098AD26 /* GoogleService-Info.plist in Resources */,
			);
			runOnlyForDeploymentPostprocessing = 0;
		};
/* End PBXResourcesBuildPhase section */

/* Begin PBXSourcesBuildPhase section */
		1AA40D702D0FE56700BB311F /* Sources */ = {
			isa = PBXSourcesBuildPhase;
			buildActionMask = 2147483647;
			files = (
				1AA40DA72D137D3D00BB311F /* MyCoursesMainView.swift in Sources */,
				1A7E9A832D208DE900CBEF99 /* SearchBarWithFilters.swift in Sources */,
				1A0EC3EF2D25CF9E0098AD26 /* UserController.swift in Sources */,
				1A5685662D2A048B00CD3427 /* HomeworkController.swift in Sources */,
				1A0EC3E52D251D250098AD26 /* MyCoursesController.swift in Sources */,
				1A7E9A8C2D21DDF300CBEF99 /* CuratedCoursesFullList.swift in Sources */,
				1A7E9A982D21F69100CBEF99 /* WatchedCourses.swift in Sources */,
				1A5685622D29FB4D00CD3427 /* ExpandableText.swift in Sources */,
				1A56857B2D2B48CE00CD3427 /* CoursesByChannel.swift in Sources */,
				1A0EC3E82D251FE00098AD26 /* AccountInformation.swift in Sources */,
				1A7E9A8A2D21DC1300CBEF99 /* CourseCardView.swift in Sources */,
				1A7E9A852D20915B00CBEF99 /* SearchedCourse.swift in Sources */,
				1A7E9AB92D24921000CBEF99 /* SignInWithApple.swift in Sources */,
				1A0EC3EB2D2522F20098AD26 /* SignOutButton.swift in Sources */,
				1A5685682D2A04BE00CD3427 /* HomeworkAnswersController.swift in Sources */,
				1A577AE92D28A14300BE27BF /* LectureInCourseModule.swift in Sources */,
				1A7E9AB02D2376BF00CBEF99 /* SignUpOrInOutsideOfPaywall.swift in Sources */,
				1A56857D2D2B4F5E00CD3427 /* CourseByChannelModule.swift in Sources */,
				1A577AE22D288A9B00BE27BF /* Resource.swift in Sources */,
				1A7E9A802D1901EA00CBEF99 /* MoreLecturesInSameCourseModule.swift in Sources */,
				1A7E9AB42D237A3600CBEF99 /* User.swift in Sources */,
				1A7E9ABB2D24923600CBEF99 /* SignInWithGoogle.swift in Sources */,
				1AA40D962D12286700BB311F /* HomeSearch.swift in Sources */,
				1A577AE02D28873100BE27BF /* ResourceChip.swift in Sources */,
				1A56856C2D2A287D00CD3427 /* TopBrandView.swift in Sources */,
				1AA40D982D12314E00BB311F /* Categories.swift in Sources */,
				1A6495C82D24949100EA16D2 /* AuthController.swift in Sources */,
				1A577AC72D25D96D00BE27BF /* Lecture.swift in Sources */,
				1A7E9A962D21ED8C00CBEF99 /* SettingsMainView.swift in Sources */,
				1A7E9A9C2D21F6A700CBEF99 /* RecommendedCourses.swift in Sources */,
				1AA40DAD2D137D5400BB311F /* TabBarController.swift in Sources */,
				1A6495CF2D2496C400EA16D2 /* ApplicationUtility.swift in Sources */,
				1AA40D7A2D0FE56700BB311F /* ContentView.swift in Sources */,
				1AA40DA02D13768D00BB311F /* CustomTabBar.swift in Sources */,
				1A7E9AB62D23CE4300CBEF99 /* Paywall.swift in Sources */,
				1A0EC3ED2D2523340098AD26 /* DeleteAccountButton.swift in Sources */,
				1A7E9A902D21E68B00CBEF99 /* CategoryCourseList.swift in Sources */,
				1A577AC52D25D61700BE27BF /* Course.swift in Sources */,
				1A7E9A792D149E4C00CBEF99 /* CourseView.swift in Sources */,
				1AA40D9E2D13711400BB311F /* CommunityFavorites.swift in Sources */,
				1A5685642D29FE5A00CD3427 /* NotesController.swift in Sources */,
				1A577AE52D288BF900BE27BF /* ResourceView.swift in Sources */,
				1A5685792D2B395800CD3427 /* ChannelView.swift in Sources */,
				1A577ADE2D28848000BE27BF /* ExamController.swift in Sources */,
				1AA40DA92D137D4400BB311F /* SearchMainView.swift in Sources */,
				1AA40D9A2D12344F00BB311F /* CuratedCourses.swift in Sources */,
				1A56857F2D2B82C600CD3427 /* LeadingUniversities.swift in Sources */,
				1AA40D782D0FE56700BB311F /* LecturesApp.swift in Sources */,
				1A7E9A7B2D14A7AD00CBEF99 /* LectureView.swift in Sources */,
				1A56856E2D2A4BCE00CD3427 /* ChannelCard.swift in Sources */,
				1A7E9A882D20964700CBEF99 /* LecturesInCourse.swift in Sources */,
				1A7E9A8E2D21E66800CBEF99 /* CommunityFavoritesFullList.swift in Sources */,
				1AA40D8D2D121C8000BB311F /* HomeMainView.swift in Sources */,
				1AA40D942D1225D600BB311F /* ContinueLearningCourseList.swift in Sources */,
				1A7E9A9A2D21F69E00CBEF99 /* LikedCourses.swift in Sources */,
				1A577AE72D288EC400BE27BF /* ExamAnswerController.swift in Sources */,
				1A577AC92D25DABE00BE27BF /* HomeController.swift in Sources */,
				1A56856A2D2A1FBB00CD3427 /* Channel.swift in Sources */,
				1AA40D922D12258A00BB311F /* PreviouslyWatchedLectureCard.swift in Sources */,
			);
			runOnlyForDeploymentPostprocessing = 0;
		};
/* End PBXSourcesBuildPhase section */

/* Begin XCBuildConfiguration section */
		1AA40D812D0FE56A00BB311F /* Debug */ = {
			isa = XCBuildConfiguration;
			buildSettings = {
				ALWAYS_SEARCH_USER_PATHS = NO;
				ASSETCATALOG_COMPILER_GENERATE_SWIFT_ASSET_SYMBOL_EXTENSIONS = YES;
				CLANG_ANALYZER_NONNULL = YES;
				CLANG_ANALYZER_NUMBER_OBJECT_CONVERSION = YES_AGGRESSIVE;
				CLANG_CXX_LANGUAGE_STANDARD = "gnu++20";
				CLANG_ENABLE_MODULES = YES;
				CLANG_ENABLE_OBJC_ARC = YES;
				CLANG_ENABLE_OBJC_WEAK = YES;
				CLANG_WARN_BLOCK_CAPTURE_AUTORELEASING = YES;
				CLANG_WARN_BOOL_CONVERSION = YES;
				CLANG_WARN_COMMA = YES;
				CLANG_WARN_CONSTANT_CONVERSION = YES;
				CLANG_WARN_DEPRECATED_OBJC_IMPLEMENTATIONS = YES;
				CLANG_WARN_DIRECT_OBJC_ISA_USAGE = YES_ERROR;
				CLANG_WARN_DOCUMENTATION_COMMENTS = YES;
				CLANG_WARN_EMPTY_BODY = YES;
				CLANG_WARN_ENUM_CONVERSION = YES;
				CLANG_WARN_INFINITE_RECURSION = YES;
				CLANG_WARN_INT_CONVERSION = YES;
				CLANG_WARN_NON_LITERAL_NULL_CONVERSION = YES;
				CLANG_WARN_OBJC_IMPLICIT_RETAIN_SELF = YES;
				CLANG_WARN_OBJC_LITERAL_CONVERSION = YES;
				CLANG_WARN_OBJC_ROOT_CLASS = YES_ERROR;
				CLANG_WARN_QUOTED_INCLUDE_IN_FRAMEWORK_HEADER = YES;
				CLANG_WARN_RANGE_LOOP_ANALYSIS = YES;
				CLANG_WARN_STRICT_PROTOTYPES = YES;
				CLANG_WARN_SUSPICIOUS_MOVE = YES;
				CLANG_WARN_UNGUARDED_AVAILABILITY = YES_AGGRESSIVE;
				CLANG_WARN_UNREACHABLE_CODE = YES;
				CLANG_WARN__DUPLICATE_METHOD_MATCH = YES;
				COPY_PHASE_STRIP = NO;
				DEBUG_INFORMATION_FORMAT = dwarf;
				ENABLE_STRICT_OBJC_MSGSEND = YES;
				ENABLE_TESTABILITY = YES;
				ENABLE_USER_SCRIPT_SANDBOXING = YES;
				GCC_C_LANGUAGE_STANDARD = gnu17;
				GCC_DYNAMIC_NO_PIC = NO;
				GCC_NO_COMMON_BLOCKS = YES;
				GCC_OPTIMIZATION_LEVEL = 0;
				GCC_PREPROCESSOR_DEFINITIONS = (
					"DEBUG=1",
					"$(inherited)",
				);
				GCC_WARN_64_TO_32_BIT_CONVERSION = YES;
				GCC_WARN_ABOUT_RETURN_TYPE = YES_ERROR;
				GCC_WARN_UNDECLARED_SELECTOR = YES;
				GCC_WARN_UNINITIALIZED_AUTOS = YES_AGGRESSIVE;
				GCC_WARN_UNUSED_FUNCTION = YES;
				GCC_WARN_UNUSED_VARIABLE = YES;
				LOCALIZATION_PREFERS_STRING_CATALOGS = YES;
				MTL_ENABLE_DEBUG_INFO = INCLUDE_SOURCE;
				MTL_FAST_MATH = YES;
				ONLY_ACTIVE_ARCH = YES;
				SWIFT_ACTIVE_COMPILATION_CONDITIONS = "DEBUG $(inherited)";
				SWIFT_OPTIMIZATION_LEVEL = "-Onone";
			};
			name = Debug;
		};
		1AA40D822D0FE56A00BB311F /* Release */ = {
			isa = XCBuildConfiguration;
			buildSettings = {
				ALWAYS_SEARCH_USER_PATHS = NO;
				ASSETCATALOG_COMPILER_GENERATE_SWIFT_ASSET_SYMBOL_EXTENSIONS = YES;
				CLANG_ANALYZER_NONNULL = YES;
				CLANG_ANALYZER_NUMBER_OBJECT_CONVERSION = YES_AGGRESSIVE;
				CLANG_CXX_LANGUAGE_STANDARD = "gnu++20";
				CLANG_ENABLE_MODULES = YES;
				CLANG_ENABLE_OBJC_ARC = YES;
				CLANG_ENABLE_OBJC_WEAK = YES;
				CLANG_WARN_BLOCK_CAPTURE_AUTORELEASING = YES;
				CLANG_WARN_BOOL_CONVERSION = YES;
				CLANG_WARN_COMMA = YES;
				CLANG_WARN_CONSTANT_CONVERSION = YES;
				CLANG_WARN_DEPRECATED_OBJC_IMPLEMENTATIONS = YES;
				CLANG_WARN_DIRECT_OBJC_ISA_USAGE = YES_ERROR;
				CLANG_WARN_DOCUMENTATION_COMMENTS = YES;
				CLANG_WARN_EMPTY_BODY = YES;
				CLANG_WARN_ENUM_CONVERSION = YES;
				CLANG_WARN_INFINITE_RECURSION = YES;
				CLANG_WARN_INT_CONVERSION = YES;
				CLANG_WARN_NON_LITERAL_NULL_CONVERSION = YES;
				CLANG_WARN_OBJC_IMPLICIT_RETAIN_SELF = YES;
				CLANG_WARN_OBJC_LITERAL_CONVERSION = YES;
				CLANG_WARN_OBJC_ROOT_CLASS = YES_ERROR;
				CLANG_WARN_QUOTED_INCLUDE_IN_FRAMEWORK_HEADER = YES;
				CLANG_WARN_RANGE_LOOP_ANALYSIS = YES;
				CLANG_WARN_STRICT_PROTOTYPES = YES;
				CLANG_WARN_SUSPICIOUS_MOVE = YES;
				CLANG_WARN_UNGUARDED_AVAILABILITY = YES_AGGRESSIVE;
				CLANG_WARN_UNREACHABLE_CODE = YES;
				CLANG_WARN__DUPLICATE_METHOD_MATCH = YES;
				COPY_PHASE_STRIP = NO;
				DEBUG_INFORMATION_FORMAT = "dwarf-with-dsym";
				ENABLE_NS_ASSERTIONS = NO;
				ENABLE_STRICT_OBJC_MSGSEND = YES;
				ENABLE_USER_SCRIPT_SANDBOXING = YES;
				GCC_C_LANGUAGE_STANDARD = gnu17;
				GCC_NO_COMMON_BLOCKS = YES;
				GCC_WARN_64_TO_32_BIT_CONVERSION = YES;
				GCC_WARN_ABOUT_RETURN_TYPE = YES_ERROR;
				GCC_WARN_UNDECLARED_SELECTOR = YES;
				GCC_WARN_UNINITIALIZED_AUTOS = YES_AGGRESSIVE;
				GCC_WARN_UNUSED_FUNCTION = YES;
				GCC_WARN_UNUSED_VARIABLE = YES;
				LOCALIZATION_PREFERS_STRING_CATALOGS = YES;
				MTL_ENABLE_DEBUG_INFO = NO;
				MTL_FAST_MATH = YES;
				SWIFT_COMPILATION_MODE = wholemodule;
			};
			name = Release;
		};
		1AA40D842D0FE56A00BB311F /* Debug */ = {
			isa = XCBuildConfiguration;
			buildSettings = {
				ASSETCATALOG_COMPILER_APPICON_NAME = AppIcon;
				ASSETCATALOG_COMPILER_GLOBAL_ACCENT_COLOR_NAME = AccentColor;
				CODE_SIGN_ENTITLEMENTS = Lectures/Lectures.entitlements;
				CODE_SIGN_STYLE = Automatic;
				CURRENT_PROJECT_VERSION = 1;
				DEVELOPMENT_ASSET_PATHS = "\"Lectures/Preview Content\"";
				DEVELOPMENT_TEAM = 283L88579N;
				ENABLE_HARDENED_RUNTIME = YES;
				ENABLE_PREVIEWS = YES;
				GENERATE_INFOPLIST_FILE = YES;
				INFOPLIST_FILE = Lectures/Info.plist;
				INFOPLIST_KEY_CFBundleDisplayName = Lectura;
				INFOPLIST_KEY_LSApplicationCategoryType = "public.app-category.education";
				"INFOPLIST_KEY_UIApplicationSceneManifest_Generation[sdk=iphoneos*]" = YES;
				"INFOPLIST_KEY_UIApplicationSceneManifest_Generation[sdk=iphonesimulator*]" = YES;
				"INFOPLIST_KEY_UIApplicationSupportsIndirectInputEvents[sdk=iphoneos*]" = YES;
				"INFOPLIST_KEY_UIApplicationSupportsIndirectInputEvents[sdk=iphonesimulator*]" = YES;
				"INFOPLIST_KEY_UILaunchScreen_Generation[sdk=iphoneos*]" = YES;
				"INFOPLIST_KEY_UILaunchScreen_Generation[sdk=iphonesimulator*]" = YES;
				"INFOPLIST_KEY_UIStatusBarStyle[sdk=iphoneos*]" = UIStatusBarStyleDefault;
				"INFOPLIST_KEY_UIStatusBarStyle[sdk=iphonesimulator*]" = UIStatusBarStyleDefault;
				INFOPLIST_KEY_UISupportedInterfaceOrientations_iPad = "UIInterfaceOrientationPortrait UIInterfaceOrientationPortraitUpsideDown UIInterfaceOrientationLandscapeLeft UIInterfaceOrientationLandscapeRight";
				INFOPLIST_KEY_UISupportedInterfaceOrientations_iPhone = "UIInterfaceOrientationPortrait UIInterfaceOrientationLandscapeLeft UIInterfaceOrientationLandscapeRight";
				IPHONEOS_DEPLOYMENT_TARGET = 17.5;
				LD_RUNPATH_SEARCH_PATHS = "@executable_path/Frameworks";
				"LD_RUNPATH_SEARCH_PATHS[sdk=macosx*]" = "@executable_path/../Frameworks";
				MACOSX_DEPLOYMENT_TARGET = 14.5;
				MARKETING_VERSION = 1.0;
				PRODUCT_BUNDLE_IDENTIFIER = com.bendreyer.Lectura;
				PRODUCT_NAME = "$(TARGET_NAME)";
				SDKROOT = auto;
				SUPPORTED_PLATFORMS = "iphoneos iphonesimulator macosx";
				SWIFT_EMIT_LOC_STRINGS = YES;
				SWIFT_VERSION = 5.0;
				TARGETED_DEVICE_FAMILY = "1,2";
			};
			name = Debug;
		};
		1AA40D852D0FE56A00BB311F /* Release */ = {
			isa = XCBuildConfiguration;
			buildSettings = {
				ASSETCATALOG_COMPILER_APPICON_NAME = AppIcon;
				ASSETCATALOG_COMPILER_GLOBAL_ACCENT_COLOR_NAME = AccentColor;
				CODE_SIGN_ENTITLEMENTS = Lectures/Lectures.entitlements;
				CODE_SIGN_STYLE = Automatic;
				CURRENT_PROJECT_VERSION = 1;
				DEVELOPMENT_ASSET_PATHS = "\"Lectures/Preview Content\"";
				DEVELOPMENT_TEAM = 283L88579N;
				ENABLE_HARDENED_RUNTIME = YES;
				ENABLE_PREVIEWS = YES;
				GENERATE_INFOPLIST_FILE = YES;
				INFOPLIST_FILE = Lectures/Info.plist;
				INFOPLIST_KEY_CFBundleDisplayName = Lectura;
				INFOPLIST_KEY_LSApplicationCategoryType = "public.app-category.education";
				"INFOPLIST_KEY_UIApplicationSceneManifest_Generation[sdk=iphoneos*]" = YES;
				"INFOPLIST_KEY_UIApplicationSceneManifest_Generation[sdk=iphonesimulator*]" = YES;
				"INFOPLIST_KEY_UIApplicationSupportsIndirectInputEvents[sdk=iphoneos*]" = YES;
				"INFOPLIST_KEY_UIApplicationSupportsIndirectInputEvents[sdk=iphonesimulator*]" = YES;
				"INFOPLIST_KEY_UILaunchScreen_Generation[sdk=iphoneos*]" = YES;
				"INFOPLIST_KEY_UILaunchScreen_Generation[sdk=iphonesimulator*]" = YES;
				"INFOPLIST_KEY_UIStatusBarStyle[sdk=iphoneos*]" = UIStatusBarStyleDefault;
				"INFOPLIST_KEY_UIStatusBarStyle[sdk=iphonesimulator*]" = UIStatusBarStyleDefault;
				INFOPLIST_KEY_UISupportedInterfaceOrientations_iPad = "UIInterfaceOrientationPortrait UIInterfaceOrientationPortraitUpsideDown UIInterfaceOrientationLandscapeLeft UIInterfaceOrientationLandscapeRight";
				INFOPLIST_KEY_UISupportedInterfaceOrientations_iPhone = "UIInterfaceOrientationPortrait UIInterfaceOrientationLandscapeLeft UIInterfaceOrientationLandscapeRight";
				IPHONEOS_DEPLOYMENT_TARGET = 17.5;
				LD_RUNPATH_SEARCH_PATHS = "@executable_path/Frameworks";
				"LD_RUNPATH_SEARCH_PATHS[sdk=macosx*]" = "@executable_path/../Frameworks";
				MACOSX_DEPLOYMENT_TARGET = 14.5;
				MARKETING_VERSION = 1.0;
				PRODUCT_BUNDLE_IDENTIFIER = com.bendreyer.Lectura;
				PRODUCT_NAME = "$(TARGET_NAME)";
				SDKROOT = auto;
				SUPPORTED_PLATFORMS = "iphoneos iphonesimulator macosx";
				SWIFT_EMIT_LOC_STRINGS = YES;
				SWIFT_VERSION = 5.0;
				TARGETED_DEVICE_FAMILY = "1,2";
			};
			name = Release;
		};
/* End XCBuildConfiguration section */

/* Begin XCConfigurationList section */
		1AA40D6F2D0FE56700BB311F /* Build configuration list for PBXProject "Lectures" */ = {
			isa = XCConfigurationList;
			buildConfigurations = (
				1AA40D812D0FE56A00BB311F /* Debug */,
				1AA40D822D0FE56A00BB311F /* Release */,
			);
			defaultConfigurationIsVisible = 0;
			defaultConfigurationName = Release;
		};
		1AA40D832D0FE56A00BB311F /* Build configuration list for PBXNativeTarget "Lectures" */ = {
			isa = XCConfigurationList;
			buildConfigurations = (
				1AA40D842D0FE56A00BB311F /* Debug */,
				1AA40D852D0FE56A00BB311F /* Release */,
			);
			defaultConfigurationIsVisible = 0;
			defaultConfigurationName = Release;
		};
/* End XCConfigurationList section */

/* Begin XCRemoteSwiftPackageReference section */
		1A6495C92D2495ED00EA16D2 /* XCRemoteSwiftPackageReference "GoogleSignIn-iOS" */ = {
			isa = XCRemoteSwiftPackageReference;
			repositoryURL = "https://github.com/google/GoogleSignIn-iOS";
			requirement = {
				kind = upToNextMajorVersion;
				minimumVersion = 8.0.0;
			};
		};
		1A7E9AA52D2244B400CBEF99 /* XCRemoteSwiftPackageReference "firebase-ios-sdk" */ = {
			isa = XCRemoteSwiftPackageReference;
			repositoryURL = "https://github.com/firebase/firebase-ios-sdk";
			requirement = {
				kind = upToNextMajorVersion;
				minimumVersion = 11.6.0;
			};
		};
/* End XCRemoteSwiftPackageReference section */

/* Begin XCSwiftPackageProductDependency section */
		1A6495CA2D2495ED00EA16D2 /* GoogleSignIn */ = {
			isa = XCSwiftPackageProductDependency;
			package = 1A6495C92D2495ED00EA16D2 /* XCRemoteSwiftPackageReference "GoogleSignIn-iOS" */;
			productName = GoogleSignIn;
		};
		1A6495CC2D2495ED00EA16D2 /* GoogleSignInSwift */ = {
			isa = XCSwiftPackageProductDependency;
			package = 1A6495C92D2495ED00EA16D2 /* XCRemoteSwiftPackageReference "GoogleSignIn-iOS" */;
			productName = GoogleSignInSwift;
		};
		1A7E9AA62D2244B400CBEF99 /* FirebaseAuth */ = {
			isa = XCSwiftPackageProductDependency;
			package = 1A7E9AA52D2244B400CBEF99 /* XCRemoteSwiftPackageReference "firebase-ios-sdk" */;
			productName = FirebaseAuth;
		};
		1A7E9AA82D2244B400CBEF99 /* FirebaseFirestore */ = {
			isa = XCSwiftPackageProductDependency;
			package = 1A7E9AA52D2244B400CBEF99 /* XCRemoteSwiftPackageReference "firebase-ios-sdk" */;
			productName = FirebaseFirestore;
		};
		1A7E9AAA2D2244B400CBEF99 /* FirebaseStorage */ = {
			isa = XCSwiftPackageProductDependency;
			package = 1A7E9AA52D2244B400CBEF99 /* XCRemoteSwiftPackageReference "firebase-ios-sdk" */;
			productName = FirebaseStorage;
		};
		1A7E9AAC2D22451400CBEF99 /* FirebaseCore */ = {
			isa = XCSwiftPackageProductDependency;
			package = 1A7E9AA52D2244B400CBEF99 /* XCRemoteSwiftPackageReference "firebase-ios-sdk" */;
			productName = FirebaseCore;
		};
/* End XCSwiftPackageProductDependency section */
	};
	rootObject = 1AA40D6C2D0FE56700BB311F /* Project object */;
}
